// !$*UTF8*$!
{
	archiveVersion = 1;
	classes = {
	};
	objectVersion = 46;
	objects = {

/* Begin PBXBuildFile section */
		00C302E51ABCBA2D00DB3ED1 /* libRCTActionSheet.a in Frameworks */ = {isa = PBXBuildFile; fileRef = 00C302AC1ABCB8CE00DB3ED1 /* libRCTActionSheet.a */; };
		00C302E71ABCBA2D00DB3ED1 /* libRCTGeolocation.a in Frameworks */ = {isa = PBXBuildFile; fileRef = 00C302BA1ABCB90400DB3ED1 /* libRCTGeolocation.a */; };
		00C302E81ABCBA2D00DB3ED1 /* libRCTImage.a in Frameworks */ = {isa = PBXBuildFile; fileRef = 00C302C01ABCB91800DB3ED1 /* libRCTImage.a */; };
		00C302E91ABCBA2D00DB3ED1 /* libRCTNetwork.a in Frameworks */ = {isa = PBXBuildFile; fileRef = 00C302DC1ABCB9D200DB3ED1 /* libRCTNetwork.a */; };
		00C302EA1ABCBA2D00DB3ED1 /* libRCTVibration.a in Frameworks */ = {isa = PBXBuildFile; fileRef = 00C302E41ABCB9EE00DB3ED1 /* libRCTVibration.a */; };
		0D39A7B678B247B084D2911A /* libReactNativePayments.a in Frameworks */ = {isa = PBXBuildFile; fileRef = FEE13314014545DF82FBC7ED /* libReactNativePayments.a */; };
		133E29F31AD74F7200F7D852 /* libRCTLinking.a in Frameworks */ = {isa = PBXBuildFile; fileRef = 78C398B91ACF4ADC00677621 /* libRCTLinking.a */; };
		139105C61AF99C1200B5F7CC /* libRCTSettings.a in Frameworks */ = {isa = PBXBuildFile; fileRef = 139105C11AF99BAD00B5F7CC /* libRCTSettings.a */; };
		139FDEF61B0652A700C62182 /* libRCTWebSocket.a in Frameworks */ = {isa = PBXBuildFile; fileRef = 139FDEF41B06529B00C62182 /* libRCTWebSocket.a */; };
		13B07FBC1A68108700A75B9A /* AppDelegate.m in Sources */ = {isa = PBXBuildFile; fileRef = 13B07FB01A68108700A75B9A /* AppDelegate.m */; };
		13B07FBD1A68108700A75B9A /* LaunchScreen.xib in Resources */ = {isa = PBXBuildFile; fileRef = 13B07FB11A68108700A75B9A /* LaunchScreen.xib */; };
		13B07FBF1A68108700A75B9A /* Images.xcassets in Resources */ = {isa = PBXBuildFile; fileRef = 13B07FB51A68108700A75B9A /* Images.xcassets */; };
		13B07FC11A68108700A75B9A /* main.m in Sources */ = {isa = PBXBuildFile; fileRef = 13B07FB71A68108700A75B9A /* main.m */; };
		146834051AC3E58100842450 /* libReact.a in Frameworks */ = {isa = PBXBuildFile; fileRef = 146834041AC3E56700842450 /* libReact.a */; };
		1711156D49994448A8DC2113 /* MaterialIcons.ttf in Resources */ = {isa = PBXBuildFile; fileRef = C913C4C06C0D4D97B32AADD3 /* MaterialIcons.ttf */; };
		2565AA2162AA4C79A45568BE /* libAirMaps.a in Frameworks */ = {isa = PBXBuildFile; fileRef = 498A602674AF4C6ABF6A39D5 /* libAirMaps.a */; };
		2CC191D1B12D40A28CF124E8 /* libVoice.a in Frameworks */ = {isa = PBXBuildFile; fileRef = ED3434835F70474DBBE79FAA /* libVoice.a */; };
		3811847022F14FA9B15D5419 /* Ionicons.ttf in Resources */ = {isa = PBXBuildFile; fileRef = DA767431241B465EB6C7A80E /* Ionicons.ttf */; };
		3E7AB4195E844FE4A87C1727 /* libRNSpruce.a in Frameworks */ = {isa = PBXBuildFile; fileRef = 547C67F7C0A1424E80E96528 /* libRNSpruce.a */; };
		47E29928B5914BDB9B6BC7BE /* FontAwesome.ttf in Resources */ = {isa = PBXBuildFile; fileRef = EEA6501A08194838BB5838EB /* FontAwesome.ttf */; };
		53C1EDDDFC4F4AD3A0CD8590 /* libSpeechRecognition.a in Frameworks */ = {isa = PBXBuildFile; fileRef = D47E51C2F68E4CF9A27EADD4 /* libSpeechRecognition.a */; };
		5BC37FCFA8AC406988D47E11 /* libRNVectorIcons.a in Frameworks */ = {isa = PBXBuildFile; fileRef = D039934A472A4B9AB22D1863 /* libRNVectorIcons.a */; };
		5E9157361DD0AC6A00FF2AA8 /* libRCTAnimation.a in Frameworks */ = {isa = PBXBuildFile; fileRef = 5E9157331DD0AC6500FF2AA8 /* libRCTAnimation.a */; };
		6338180CEB7343968AE9183E /* libNfcManager.a in Frameworks */ = {isa = PBXBuildFile; fileRef = 6C90CCBD5D7942B198B02731 /* libNfcManager.a */; };
		6468CB22A21C4FECBD807E74 /* Zocial.ttf in Resources */ = {isa = PBXBuildFile; fileRef = 9CCDBD29AD324B75AEC00340 /* Zocial.ttf */; };
		6BEFC62F5CD2473E94AFB7F8 /* Feather.ttf in Resources */ = {isa = PBXBuildFile; fileRef = 842805CA48944DB48ED35F16 /* Feather.ttf */; };
		6F0CE2A91C84498B84ECE5A8 /* SimpleLineIcons.ttf in Resources */ = {isa = PBXBuildFile; fileRef = 710B946821314610B457D81B /* SimpleLineIcons.ttf */; };
		70225ED265894D3FADD66C2A /* libRCTFBSDK.a in Frameworks */ = {isa = PBXBuildFile; fileRef = 74A3151E09AB4047BB6B61B2 /* libRCTFBSDK.a */; };
		75CD69EA890173E3C1C629A8 /* libPods-Animations.a in Frameworks */ = {isa = PBXBuildFile; fileRef = 1127F1358C75D43431731BED /* libPods-Animations.a */; };
		832341BD1AAA6AB300B99B32 /* libRCTText.a in Frameworks */ = {isa = PBXBuildFile; fileRef = 832341B51AAA6A8300B99B32 /* libRCTText.a */; };
		8FA5FDFD30C1423A9DBF0545 /* libRNShare.a in Frameworks */ = {isa = PBXBuildFile; fileRef = CC8CBD8AF888448BA7A9FD26 /* libRNShare.a */; };
		9865914B7FB24D71877DE045 /* Foundation.ttf in Resources */ = {isa = PBXBuildFile; fileRef = F34636287B814BEA9DD08343 /* Foundation.ttf */; };
		9A4EEB8FE6E442478D3DE4B2 /* libPPKReactBridge.a in Frameworks */ = {isa = PBXBuildFile; fileRef = CE730A8B45004C468A385C90 /* libPPKReactBridge.a */; };
		AC7EE3A8257E4211AC7DC78C /* libRNiBeacon.a in Frameworks */ = {isa = PBXBuildFile; fileRef = 75DCE0DA12D7429A9EDB7AAB /* libRNiBeacon.a */; };
		ADBDB9381DFEBF1600ED6528 /* libRCTBlob.a in Frameworks */ = {isa = PBXBuildFile; fileRef = ADBDB9271DFEBF0700ED6528 /* libRCTBlob.a */; };
		B1CCD8B79EB0483C8003F46F /* libRNIconic.a in Frameworks */ = {isa = PBXBuildFile; fileRef = 5FD6B15BACDF4FD498DE9263 /* libRNIconic.a */; };
		BA06CD742017BCCA00092FC4 /* ARViewController.m in Sources */ = {isa = PBXBuildFile; fileRef = BA06CD722017BCCA00092FC4 /* ARViewController.m */; };
		BA06CD752017BCCA00092FC4 /* ARViewController.xib in Resources */ = {isa = PBXBuildFile; fileRef = BA06CD732017BCCA00092FC4 /* ARViewController.xib */; };
		BA06CD792017CC9900092FC4 /* ARManager.m in Sources */ = {isa = PBXBuildFile; fileRef = BA06CD782017CC9900092FC4 /* ARManager.m */; };
		BA09D8DD2018935E00F042DF /* GeoManager.m in Sources */ = {isa = PBXBuildFile; fileRef = BA09D8DC2018935E00F042DF /* GeoManager.m */; };
		BA1C1A132002138600BE7B13 /* Bolts.framework in Frameworks */ = {isa = PBXBuildFile; fileRef = BA1C1A122002138600BE7B13 /* Bolts.framework */; };
		BA1C1A152002139100BE7B13 /* FBSDKCoreKit.framework in Frameworks */ = {isa = PBXBuildFile; fileRef = BA1C1A142002139100BE7B13 /* FBSDKCoreKit.framework */; };
		BA1C1A172002139C00BE7B13 /* FBSDKLoginKit.framework in Frameworks */ = {isa = PBXBuildFile; fileRef = BA1C1A162002139B00BE7B13 /* FBSDKLoginKit.framework */; };
		BA1C1A19200213A600BE7B13 /* FBSDKShareKit.framework in Frameworks */ = {isa = PBXBuildFile; fileRef = BA1C1A18200213A600BE7B13 /* FBSDKShareKit.framework */; };
		C1D8C4C5FE8845A880661BA8 /* EvilIcons.ttf in Resources */ = {isa = PBXBuildFile; fileRef = AF145EA9369849F9A3AACD4D /* EvilIcons.ttf */; };
		CB0E15FCF501478398D85CFD /* libRNLocalNotifications.a in Frameworks */ = {isa = PBXBuildFile; fileRef = 6076E1321BA9413687A08DAE /* libRNLocalNotifications.a */; };
		CCBDF9D3DA544A7DB13BB264 /* Entypo.ttf in Resources */ = {isa = PBXBuildFile; fileRef = 23055EEAD3C34FE6A89FF063 /* Entypo.ttf */; };
		D2365A3A3B5542FFB00C7EAD /* libRNReactNativeGeoFence.a in Frameworks */ = {isa = PBXBuildFile; fileRef = B37BDCF326E148D5B0EE5D28 /* libRNReactNativeGeoFence.a */; };
		D251159D464E4CD4AAA4F249 /* Octicons.ttf in Resources */ = {isa = PBXBuildFile; fileRef = 5A870E29337D4EAEBF598FE1 /* Octicons.ttf */; };
		D83EA2EC3BDE463E85EF6A73 /* libRNMotionManager.a in Frameworks */ = {isa = PBXBuildFile; fileRef = 95FA5AC2D765418F82312AE8 /* libRNMotionManager.a */; };
		DA23E122636B4FFC971D18BF /* MaterialCommunityIcons.ttf in Resources */ = {isa = PBXBuildFile; fileRef = DC0318E81AC14E789E7BFF27 /* MaterialCommunityIcons.ttf */; };
		EB607BFA1FF4D41800426A57 /* GoogleService-Info.plist in Resources */ = {isa = PBXBuildFile; fileRef = EB607BF81FF4C1BF00426A57 /* GoogleService-Info.plist */; };
		EB607BFB1FF4D62800426A57 /* Info.plist in Resources */ = {isa = PBXBuildFile; fileRef = 13B07FB61A68108700A75B9A /* Info.plist */; };
		EB966DA51FFCDE3900A91961 /* PassKit.framework in Frameworks */ = {isa = PBXBuildFile; fileRef = EB966DA41FFCDE3900A91961 /* PassKit.framework */; };
		EC294F842AAC40E49182F4A2 /* libTextToSpeech.a in Frameworks */ = {isa = PBXBuildFile; fileRef = 0BDDCB05293748B1A3925471 /* libTextToSpeech.a */; };
/* End PBXBuildFile section */

/* Begin PBXContainerItemProxy section */
		00C302AB1ABCB8CE00DB3ED1 /* PBXContainerItemProxy */ = {
			isa = PBXContainerItemProxy;
			containerPortal = 00C302A71ABCB8CE00DB3ED1 /* RCTActionSheet.xcodeproj */;
			proxyType = 2;
			remoteGlobalIDString = 134814201AA4EA6300B7C361;
			remoteInfo = RCTActionSheet;
		};
		00C302B91ABCB90400DB3ED1 /* PBXContainerItemProxy */ = {
			isa = PBXContainerItemProxy;
			containerPortal = 00C302B51ABCB90400DB3ED1 /* RCTGeolocation.xcodeproj */;
			proxyType = 2;
			remoteGlobalIDString = 134814201AA4EA6300B7C361;
			remoteInfo = RCTGeolocation;
		};
		00C302BF1ABCB91800DB3ED1 /* PBXContainerItemProxy */ = {
			isa = PBXContainerItemProxy;
			containerPortal = 00C302BB1ABCB91800DB3ED1 /* RCTImage.xcodeproj */;
			proxyType = 2;
			remoteGlobalIDString = 58B5115D1A9E6B3D00147676;
			remoteInfo = RCTImage;
		};
		00C302DB1ABCB9D200DB3ED1 /* PBXContainerItemProxy */ = {
			isa = PBXContainerItemProxy;
			containerPortal = 00C302D31ABCB9D200DB3ED1 /* RCTNetwork.xcodeproj */;
			proxyType = 2;
			remoteGlobalIDString = 58B511DB1A9E6C8500147676;
			remoteInfo = RCTNetwork;
		};
		00C302E31ABCB9EE00DB3ED1 /* PBXContainerItemProxy */ = {
			isa = PBXContainerItemProxy;
			containerPortal = 00C302DF1ABCB9EE00DB3ED1 /* RCTVibration.xcodeproj */;
			proxyType = 2;
			remoteGlobalIDString = 832C81801AAF6DEF007FA2F7;
			remoteInfo = RCTVibration;
		};
		139105C01AF99BAD00B5F7CC /* PBXContainerItemProxy */ = {
			isa = PBXContainerItemProxy;
			containerPortal = 139105B61AF99BAD00B5F7CC /* RCTSettings.xcodeproj */;
			proxyType = 2;
			remoteGlobalIDString = 134814201AA4EA6300B7C361;
			remoteInfo = RCTSettings;
		};
		139FDEF31B06529B00C62182 /* PBXContainerItemProxy */ = {
			isa = PBXContainerItemProxy;
			containerPortal = 139FDEE61B06529A00C62182 /* RCTWebSocket.xcodeproj */;
			proxyType = 2;
			remoteGlobalIDString = 3C86DF461ADF2C930047B81A;
			remoteInfo = RCTWebSocket;
		};
		146834031AC3E56700842450 /* PBXContainerItemProxy */ = {
			isa = PBXContainerItemProxy;
			containerPortal = 146833FF1AC3E56700842450 /* React.xcodeproj */;
			proxyType = 2;
			remoteGlobalIDString = 83CBBA2E1A601D0E00E9B192;
			remoteInfo = React;
		};
		3DAD3E831DF850E9000B6D8A /* PBXContainerItemProxy */ = {
			isa = PBXContainerItemProxy;
			containerPortal = 00C302BB1ABCB91800DB3ED1 /* RCTImage.xcodeproj */;
			proxyType = 2;
			remoteGlobalIDString = 2D2A283A1D9B042B00D4039D;
			remoteInfo = "RCTImage-tvOS";
		};
		3DAD3E871DF850E9000B6D8A /* PBXContainerItemProxy */ = {
			isa = PBXContainerItemProxy;
			containerPortal = 78C398B01ACF4ADC00677621 /* RCTLinking.xcodeproj */;
			proxyType = 2;
			remoteGlobalIDString = 2D2A28471D9B043800D4039D;
			remoteInfo = "RCTLinking-tvOS";
		};
		3DAD3E8B1DF850E9000B6D8A /* PBXContainerItemProxy */ = {
			isa = PBXContainerItemProxy;
			containerPortal = 00C302D31ABCB9D200DB3ED1 /* RCTNetwork.xcodeproj */;
			proxyType = 2;
			remoteGlobalIDString = 2D2A28541D9B044C00D4039D;
			remoteInfo = "RCTNetwork-tvOS";
		};
		3DAD3E8F1DF850E9000B6D8A /* PBXContainerItemProxy */ = {
			isa = PBXContainerItemProxy;
			containerPortal = 139105B61AF99BAD00B5F7CC /* RCTSettings.xcodeproj */;
			proxyType = 2;
			remoteGlobalIDString = 2D2A28611D9B046600D4039D;
			remoteInfo = "RCTSettings-tvOS";
		};
		3DAD3E931DF850E9000B6D8A /* PBXContainerItemProxy */ = {
			isa = PBXContainerItemProxy;
			containerPortal = 832341B01AAA6A8300B99B32 /* RCTText.xcodeproj */;
			proxyType = 2;
			remoteGlobalIDString = 2D2A287B1D9B048500D4039D;
			remoteInfo = "RCTText-tvOS";
		};
		3DAD3E981DF850E9000B6D8A /* PBXContainerItemProxy */ = {
			isa = PBXContainerItemProxy;
			containerPortal = 139FDEE61B06529A00C62182 /* RCTWebSocket.xcodeproj */;
			proxyType = 2;
			remoteGlobalIDString = 2D2A28881D9B049200D4039D;
			remoteInfo = "RCTWebSocket-tvOS";
		};
		3DAD3EA21DF850E9000B6D8A /* PBXContainerItemProxy */ = {
			isa = PBXContainerItemProxy;
			containerPortal = 146833FF1AC3E56700842450 /* React.xcodeproj */;
			proxyType = 2;
			remoteGlobalIDString = 2D2A28131D9B038B00D4039D;
			remoteInfo = "React-tvOS";
		};
		3DAD3EA41DF850E9000B6D8A /* PBXContainerItemProxy */ = {
			isa = PBXContainerItemProxy;
			containerPortal = 146833FF1AC3E56700842450 /* React.xcodeproj */;
			proxyType = 2;
			remoteGlobalIDString = 3D3C059A1DE3340900C268FA;
			remoteInfo = yoga;
		};
		3DAD3EA61DF850E9000B6D8A /* PBXContainerItemProxy */ = {
			isa = PBXContainerItemProxy;
			containerPortal = 146833FF1AC3E56700842450 /* React.xcodeproj */;
			proxyType = 2;
			remoteGlobalIDString = 3D3C06751DE3340C00C268FA;
			remoteInfo = "yoga-tvOS";
		};
		3DAD3EA81DF850E9000B6D8A /* PBXContainerItemProxy */ = {
			isa = PBXContainerItemProxy;
			containerPortal = 146833FF1AC3E56700842450 /* React.xcodeproj */;
			proxyType = 2;
			remoteGlobalIDString = 3D3CD9251DE5FBEC00167DC4;
			remoteInfo = cxxreact;
		};
		3DAD3EAA1DF850E9000B6D8A /* PBXContainerItemProxy */ = {
			isa = PBXContainerItemProxy;
			containerPortal = 146833FF1AC3E56700842450 /* React.xcodeproj */;
			proxyType = 2;
			remoteGlobalIDString = 3D3CD9321DE5FBEE00167DC4;
			remoteInfo = "cxxreact-tvOS";
		};
		3DAD3EAC1DF850E9000B6D8A /* PBXContainerItemProxy */ = {
			isa = PBXContainerItemProxy;
			containerPortal = 146833FF1AC3E56700842450 /* React.xcodeproj */;
			proxyType = 2;
			remoteGlobalIDString = 3D3CD90B1DE5FBD600167DC4;
			remoteInfo = jschelpers;
		};
		3DAD3EAE1DF850E9000B6D8A /* PBXContainerItemProxy */ = {
			isa = PBXContainerItemProxy;
			containerPortal = 146833FF1AC3E56700842450 /* React.xcodeproj */;
			proxyType = 2;
			remoteGlobalIDString = 3D3CD9181DE5FBD800167DC4;
			remoteInfo = "jschelpers-tvOS";
		};
		5E9157321DD0AC6500FF2AA8 /* PBXContainerItemProxy */ = {
			isa = PBXContainerItemProxy;
			containerPortal = 5E91572D1DD0AC6500FF2AA8 /* RCTAnimation.xcodeproj */;
			proxyType = 2;
			remoteGlobalIDString = 134814201AA4EA6300B7C361;
			remoteInfo = RCTAnimation;
		};
		5E9157341DD0AC6500FF2AA8 /* PBXContainerItemProxy */ = {
			isa = PBXContainerItemProxy;
			containerPortal = 5E91572D1DD0AC6500FF2AA8 /* RCTAnimation.xcodeproj */;
			proxyType = 2;
			remoteGlobalIDString = 2D2A28201D9B03D100D4039D;
			remoteInfo = "RCTAnimation-tvOS";
		};
		78C398B81ACF4ADC00677621 /* PBXContainerItemProxy */ = {
			isa = PBXContainerItemProxy;
			containerPortal = 78C398B01ACF4ADC00677621 /* RCTLinking.xcodeproj */;
			proxyType = 2;
			remoteGlobalIDString = 134814201AA4EA6300B7C361;
			remoteInfo = RCTLinking;
		};
		832341B41AAA6A8300B99B32 /* PBXContainerItemProxy */ = {
			isa = PBXContainerItemProxy;
			containerPortal = 832341B01AAA6A8300B99B32 /* RCTText.xcodeproj */;
			proxyType = 2;
			remoteGlobalIDString = 58B5119B1A9E6C1200147676;
			remoteInfo = RCTText;
		};
		ADBDB9261DFEBF0700ED6528 /* PBXContainerItemProxy */ = {
			isa = PBXContainerItemProxy;
			containerPortal = ADBDB91F1DFEBF0600ED6528 /* RCTBlob.xcodeproj */;
			proxyType = 2;
			remoteGlobalIDString = 358F4ED71D1E81A9004DF814;
			remoteInfo = RCTBlob;
		};
		BA06CC652017B47000092FC4 /* PBXContainerItemProxy */ = {
			isa = PBXContainerItemProxy;
			containerPortal = 86079D8F3C16437096220D3C /* RNIconic.xcodeproj */;
			proxyType = 2;
			remoteGlobalIDString = 134814201AA4EA6300B7C361;
			remoteInfo = RNIconic;
		};
		BA06CCBA2017B8EB00092FC4 /* PBXContainerItemProxy */ = {
			isa = PBXContainerItemProxy;
			containerPortal = 23C6D439443C4DC1AB059AC7 /* RNSpruce.xcodeproj */;
			proxyType = 2;
			remoteGlobalIDString = 134814201AA4EA6300B7C361;
			remoteInfo = RNSpruce;
		};
		BA0E504920109BEB0084F2F1 /* PBXContainerItemProxy */ = {
			isa = PBXContainerItemProxy;
			containerPortal = FFADAAEDBE6449A4BE3CB47F /* PPKReactBridge.xcodeproj */;
			proxyType = 2;
			remoteGlobalIDString = 134814201AA4EA6300B7C361;
			remoteInfo = PPKReactBridge;
		};
		BA1C1A0E2001E8D400BE7B13 /* PBXContainerItemProxy */ = {
			isa = PBXContainerItemProxy;
			containerPortal = EC28EAAFD4104877B7C69575 /* RNMotionManager.xcodeproj */;
			proxyType = 2;
			remoteGlobalIDString = BB9CC7ED1AE0A2EB008A1D08;
			remoteInfo = RNMotionManager;
		};
		BA1C1A102001E8D400BE7B13 /* PBXContainerItemProxy */ = {
			isa = PBXContainerItemProxy;
			containerPortal = EC28EAAFD4104877B7C69575 /* RNMotionManager.xcodeproj */;
			proxyType = 2;
			remoteGlobalIDString = BB9CC7F81AE0A2EB008A1D08;
			remoteInfo = RNMotionManagerTests;
		};
		BA1C1A7920021C1100BE7B13 /* PBXContainerItemProxy */ = {
			isa = PBXContainerItemProxy;
			containerPortal = 3571C3FECA2D44A58C34B6FD /* RCTFBSDK.xcodeproj */;
			proxyType = 2;
			remoteGlobalIDString = 9350E0F11CE3B0920041D815;
			remoteInfo = RCTFBSDK;
		};
		BA44D8542013AAFE00E70F98 /* PBXContainerItemProxy */ = {
			isa = PBXContainerItemProxy;
			containerPortal = 3D5FCC4EF2794938AB5DAFCD /* Voice.xcodeproj */;
			proxyType = 2;
			remoteGlobalIDString = DC0729B51EF78E41004EBC83;
			remoteInfo = Voice;
		};
		BA480A151FFDFA8300B3A604 /* PBXContainerItemProxy */ = {
			isa = PBXContainerItemProxy;
			containerPortal = 985A6771CF09450489F0A06D /* AirMaps.xcodeproj */;
			proxyType = 2;
			remoteGlobalIDString = 11FA5C511C4A1296003AC2EE;
			remoteInfo = AirMaps;
		};
		BA586B61200494B600B6FA70 /* PBXContainerItemProxy */ = {
			isa = PBXContainerItemProxy;
			containerPortal = DB4075B88607433F8B017603 /* RNShare.xcodeproj */;
			proxyType = 2;
			remoteGlobalIDString = 134814201AA4EA6300B7C361;
			remoteInfo = RNShare;
		};
		BA586BA22006020700B6FA70 /* PBXContainerItemProxy */ = {
			isa = PBXContainerItemProxy;
			containerPortal = 4186BB75883848B7962F9403 /* SpeechRecognition.xcodeproj */;
			proxyType = 2;
			remoteGlobalIDString = 134814201AA4EA6300B7C361;
			remoteInfo = SpeechRecognition;
		};
		BA7448DC2007835A000E8094 /* PBXContainerItemProxy */ = {
			isa = PBXContainerItemProxy;
			containerPortal = 9D1BDF3107D14B44ACF05D6F /* NfcManager.xcodeproj */;
			proxyType = 2;
			remoteGlobalIDString = 134814201AA4EA6300B7C361;
			remoteInfo = NfcManager;
		};
		BA74492120089C03000E8094 /* PBXContainerItemProxy */ = {
			isa = PBXContainerItemProxy;
			containerPortal = 8A9FEBC9E97A441C90E4E443 /* RNiBeacon.xcodeproj */;
			proxyType = 2;
			remoteGlobalIDString = 0D03EBDE1E56B1E700C55E6B;
			remoteInfo = RNiBeacon;
		};
		BA7449682008A046000E8094 /* PBXContainerItemProxy */ = {
			isa = PBXContainerItemProxy;
			containerPortal = 9CDC30D1ECF94034A500F39D /* RNBluetoothState.xcodeproj */;
			proxyType = 2;
			remoteGlobalIDString = 134814201AA4EA6300B7C361;
			remoteInfo = RNBluetoothState;
		};
		BA75958D200DC58900C31CFA /* PBXContainerItemProxy */ = {
			isa = PBXContainerItemProxy;
			containerPortal = 7DCE4A08021A4C5CA63C29E7 /* RNReactNativeGeoFence.xcodeproj */;
			proxyType = 2;
			remoteGlobalIDString = 134814201AA4EA6300B7C361;
			remoteInfo = RNReactNativeGeoFence;
		};
		BAAECFE01FFE748C009D3409 /* PBXContainerItemProxy */ = {
			isa = PBXContainerItemProxy;
			containerPortal = FF8DCEF7C30F4126ADB0E40B /* TextToSpeech.xcodeproj */;
			proxyType = 2;
			remoteGlobalIDString = 3A6FB2081D99E12200593599;
			remoteInfo = TextToSpeech;
		};
		BAB44D5B1FF2C7D00056E157 /* PBXContainerItemProxy */ = {
			isa = PBXContainerItemProxy;
			containerPortal = ADBDB91F1DFEBF0600ED6528 /* RCTBlob.xcodeproj */;
			proxyType = 2;
			remoteGlobalIDString = ADD01A681E09402E00F6D226;
			remoteInfo = "RCTBlob-tvOS";
		};
		BAB44D6D1FF2C7D00056E157 /* PBXContainerItemProxy */ = {
			isa = PBXContainerItemProxy;
			containerPortal = 139FDEE61B06529A00C62182 /* RCTWebSocket.xcodeproj */;
			proxyType = 2;
			remoteGlobalIDString = 3DBE0D001F3B181A0099AA32;
			remoteInfo = fishhook;
		};
		BAB44D6F1FF2C7D00056E157 /* PBXContainerItemProxy */ = {
			isa = PBXContainerItemProxy;
			containerPortal = 139FDEE61B06529A00C62182 /* RCTWebSocket.xcodeproj */;
			proxyType = 2;
			remoteGlobalIDString = 3DBE0D0D1F3B181C0099AA32;
			remoteInfo = "fishhook-tvOS";
		};
		BAB44D741FF2C7D20056E157 /* PBXContainerItemProxy */ = {
			isa = PBXContainerItemProxy;
			containerPortal = E1E23034FE2A4383BA1CF3BC /* RNVectorIcons.xcodeproj */;
			proxyType = 2;
			remoteGlobalIDString = 5DBEB1501B18CEA900B34395;
			remoteInfo = RNVectorIcons;
		};
		BAB44D841FF2DF5C0056E157 /* PBXContainerItemProxy */ = {
			isa = PBXContainerItemProxy;
			containerPortal = 146833FF1AC3E56700842450 /* React.xcodeproj */;
			proxyType = 2;
			remoteGlobalIDString = 139D7ECE1E25DB7D00323FB7;
			remoteInfo = "third-party";
		};
		BAB44D861FF2DF5C0056E157 /* PBXContainerItemProxy */ = {
			isa = PBXContainerItemProxy;
			containerPortal = 146833FF1AC3E56700842450 /* React.xcodeproj */;
			proxyType = 2;
			remoteGlobalIDString = 3D383D3C1EBD27B6005632C8;
			remoteInfo = "third-party-tvOS";
		};
		BAB44D881FF2DF5C0056E157 /* PBXContainerItemProxy */ = {
			isa = PBXContainerItemProxy;
			containerPortal = 146833FF1AC3E56700842450 /* React.xcodeproj */;
			proxyType = 2;
			remoteGlobalIDString = 139D7E881E25C6D100323FB7;
			remoteInfo = "double-conversion";
		};
		BAB44D8A1FF2DF5C0056E157 /* PBXContainerItemProxy */ = {
			isa = PBXContainerItemProxy;
			containerPortal = 146833FF1AC3E56700842450 /* React.xcodeproj */;
			proxyType = 2;
			remoteGlobalIDString = 3D383D621EBD27B9005632C8;
			remoteInfo = "double-conversion-tvOS";
		};
		BAD0668F20166FC900281C94 /* PBXContainerItemProxy */ = {
			isa = PBXContainerItemProxy;
			containerPortal = D15DD11677AE4D0396F564E0 /* RNLocalNotifications.xcodeproj */;
			proxyType = 2;
			remoteGlobalIDString = 15209BEF1D250F63000D0F44;
			remoteInfo = RNLocalNotifications;
		};
		EB966DA21FFCD74B00A91961 /* PBXContainerItemProxy */ = {
			isa = PBXContainerItemProxy;
			containerPortal = DA87C27D153146CE9CA5DEA1 /* ReactNativePayments.xcodeproj */;
			proxyType = 2;
			remoteGlobalIDString = 134814201AA4EA6300B7C361;
			remoteInfo = ReactNativePayments;
		};
/* End PBXContainerItemProxy section */

/* Begin PBXCopyFilesBuildPhase section */
		BA06CD9B201863BC00092FC4 /* Embed Frameworks */ = {
			isa = PBXCopyFilesBuildPhase;
			buildActionMask = 2147483647;
			dstPath = "";
			dstSubfolderSpec = 10;
			files = (
			);
			name = "Embed Frameworks";
			runOnlyForDeploymentPostprocessing = 0;
		};
/* End PBXCopyFilesBuildPhase section */

/* Begin PBXFileReference section */
		008F07F21AC5B25A0029DE68 /* main.jsbundle */ = {isa = PBXFileReference; fileEncoding = 4; lastKnownFileType = text; path = main.jsbundle; sourceTree = "<group>"; };
		00C302A71ABCB8CE00DB3ED1 /* RCTActionSheet.xcodeproj */ = {isa = PBXFileReference; lastKnownFileType = "wrapper.pb-project"; name = RCTActionSheet.xcodeproj; path = "../node_modules/react-native/Libraries/ActionSheetIOS/RCTActionSheet.xcodeproj"; sourceTree = "<group>"; };
		00C302B51ABCB90400DB3ED1 /* RCTGeolocation.xcodeproj */ = {isa = PBXFileReference; lastKnownFileType = "wrapper.pb-project"; name = RCTGeolocation.xcodeproj; path = "../node_modules/react-native/Libraries/Geolocation/RCTGeolocation.xcodeproj"; sourceTree = "<group>"; };
		00C302BB1ABCB91800DB3ED1 /* RCTImage.xcodeproj */ = {isa = PBXFileReference; lastKnownFileType = "wrapper.pb-project"; name = RCTImage.xcodeproj; path = "../node_modules/react-native/Libraries/Image/RCTImage.xcodeproj"; sourceTree = "<group>"; };
		00C302D31ABCB9D200DB3ED1 /* RCTNetwork.xcodeproj */ = {isa = PBXFileReference; lastKnownFileType = "wrapper.pb-project"; name = RCTNetwork.xcodeproj; path = "../node_modules/react-native/Libraries/Network/RCTNetwork.xcodeproj"; sourceTree = "<group>"; };
		00C302DF1ABCB9EE00DB3ED1 /* RCTVibration.xcodeproj */ = {isa = PBXFileReference; lastKnownFileType = "wrapper.pb-project"; name = RCTVibration.xcodeproj; path = "../node_modules/react-native/Libraries/Vibration/RCTVibration.xcodeproj"; sourceTree = "<group>"; };
		00E356F11AD99517003FC87E /* Info.plist */ = {isa = PBXFileReference; lastKnownFileType = text.plist.xml; path = Info.plist; sourceTree = "<group>"; };
		00E356F21AD99517003FC87E /* AnimationsTests.m */ = {isa = PBXFileReference; lastKnownFileType = sourcecode.c.objc; path = AnimationsTests.m; sourceTree = "<group>"; };
		0BDDCB05293748B1A3925471 /* libTextToSpeech.a */ = {isa = PBXFileReference; explicitFileType = undefined; fileEncoding = 9; includeInIndex = 0; lastKnownFileType = archive.ar; path = libTextToSpeech.a; sourceTree = "<group>"; };
		0CE9BABEC92592AF022C23FD /* Pods-Animations.release.xcconfig */ = {isa = PBXFileReference; includeInIndex = 1; lastKnownFileType = text.xcconfig; name = "Pods-Animations.release.xcconfig"; path = "Pods/Target Support Files/Pods-Animations/Pods-Animations.release.xcconfig"; sourceTree = "<group>"; };
		0D354E82938D4DD081C2C569 /* libRNBluetoothState.a */ = {isa = PBXFileReference; explicitFileType = undefined; fileEncoding = 9; includeInIndex = 0; lastKnownFileType = archive.ar; path = libRNBluetoothState.a; sourceTree = "<group>"; };
		1127F1358C75D43431731BED /* libPods-Animations.a */ = {isa = PBXFileReference; explicitFileType = archive.ar; includeInIndex = 0; path = "libPods-Animations.a"; sourceTree = BUILT_PRODUCTS_DIR; };
		139105B61AF99BAD00B5F7CC /* RCTSettings.xcodeproj */ = {isa = PBXFileReference; lastKnownFileType = "wrapper.pb-project"; name = RCTSettings.xcodeproj; path = "../node_modules/react-native/Libraries/Settings/RCTSettings.xcodeproj"; sourceTree = "<group>"; };
		139FDEE61B06529A00C62182 /* RCTWebSocket.xcodeproj */ = {isa = PBXFileReference; lastKnownFileType = "wrapper.pb-project"; name = RCTWebSocket.xcodeproj; path = "../node_modules/react-native/Libraries/WebSocket/RCTWebSocket.xcodeproj"; sourceTree = "<group>"; };
		13B07F961A680F5B00A75B9A /* Animations.app */ = {isa = PBXFileReference; explicitFileType = wrapper.application; includeInIndex = 0; path = Animations.app; sourceTree = BUILT_PRODUCTS_DIR; };
		13B07FAF1A68108700A75B9A /* AppDelegate.h */ = {isa = PBXFileReference; fileEncoding = 4; lastKnownFileType = sourcecode.c.h; name = AppDelegate.h; path = Animations/AppDelegate.h; sourceTree = "<group>"; };
		13B07FB01A68108700A75B9A /* AppDelegate.m */ = {isa = PBXFileReference; fileEncoding = 4; lastKnownFileType = sourcecode.c.objc; name = AppDelegate.m; path = Animations/AppDelegate.m; sourceTree = "<group>"; };
		13B07FB21A68108700A75B9A /* Base */ = {isa = PBXFileReference; lastKnownFileType = file.xib; name = Base; path = Base.lproj/LaunchScreen.xib; sourceTree = "<group>"; };
		13B07FB51A68108700A75B9A /* Images.xcassets */ = {isa = PBXFileReference; lastKnownFileType = folder.assetcatalog; name = Images.xcassets; path = Animations/Images.xcassets; sourceTree = "<group>"; };
		13B07FB61A68108700A75B9A /* Info.plist */ = {isa = PBXFileReference; fileEncoding = 4; lastKnownFileType = text.plist.xml; name = Info.plist; path = Animations/Info.plist; sourceTree = "<group>"; };
		13B07FB71A68108700A75B9A /* main.m */ = {isa = PBXFileReference; fileEncoding = 4; lastKnownFileType = sourcecode.c.objc; name = main.m; path = Animations/main.m; sourceTree = "<group>"; };
		146833FF1AC3E56700842450 /* React.xcodeproj */ = {isa = PBXFileReference; lastKnownFileType = "wrapper.pb-project"; name = React.xcodeproj; path = "../node_modules/react-native/React/React.xcodeproj"; sourceTree = "<group>"; };
		23055EEAD3C34FE6A89FF063 /* Entypo.ttf */ = {isa = PBXFileReference; explicitFileType = undefined; fileEncoding = 9; includeInIndex = 0; lastKnownFileType = unknown; name = Entypo.ttf; path = "../node_modules/react-native-vector-icons/Fonts/Entypo.ttf"; sourceTree = "<group>"; };
		23C6D439443C4DC1AB059AC7 /* RNSpruce.xcodeproj */ = {isa = PBXFileReference; explicitFileType = undefined; fileEncoding = 9; includeInIndex = 0; lastKnownFileType = "wrapper.pb-project"; name = RNSpruce.xcodeproj; path = "../node_modules/react-native-spruce/ios/RNSpruce.xcodeproj"; sourceTree = "<group>"; };
		3571C3FECA2D44A58C34B6FD /* RCTFBSDK.xcodeproj */ = {isa = PBXFileReference; explicitFileType = undefined; fileEncoding = 9; includeInIndex = 0; lastKnownFileType = "wrapper.pb-project"; name = RCTFBSDK.xcodeproj; path = "../node_modules/react-native-fbsdk/ios/RCTFBSDK.xcodeproj"; sourceTree = "<group>"; };
		3D5FCC4EF2794938AB5DAFCD /* Voice.xcodeproj */ = {isa = PBXFileReference; explicitFileType = undefined; fileEncoding = 9; includeInIndex = 0; lastKnownFileType = "wrapper.pb-project"; name = Voice.xcodeproj; path = "../node_modules/react-native-voice/ios/Voice.xcodeproj"; sourceTree = "<group>"; };
		4186BB75883848B7962F9403 /* SpeechRecognition.xcodeproj */ = {isa = PBXFileReference; explicitFileType = undefined; fileEncoding = 9; includeInIndex = 0; lastKnownFileType = "wrapper.pb-project"; name = SpeechRecognition.xcodeproj; path = "../node_modules/react-native-speech-recognizer/ios/SpeechRecognition.xcodeproj"; sourceTree = "<group>"; };
		498A602674AF4C6ABF6A39D5 /* libAirMaps.a */ = {isa = PBXFileReference; explicitFileType = undefined; fileEncoding = 9; includeInIndex = 0; lastKnownFileType = archive.ar; path = libAirMaps.a; sourceTree = "<group>"; };
		547C67F7C0A1424E80E96528 /* libRNSpruce.a */ = {isa = PBXFileReference; explicitFileType = undefined; fileEncoding = 9; includeInIndex = 0; lastKnownFileType = archive.ar; path = libRNSpruce.a; sourceTree = "<group>"; };
		5A870E29337D4EAEBF598FE1 /* Octicons.ttf */ = {isa = PBXFileReference; explicitFileType = undefined; fileEncoding = 9; includeInIndex = 0; lastKnownFileType = unknown; name = Octicons.ttf; path = "../node_modules/react-native-vector-icons/Fonts/Octicons.ttf"; sourceTree = "<group>"; };
		5E91572D1DD0AC6500FF2AA8 /* RCTAnimation.xcodeproj */ = {isa = PBXFileReference; lastKnownFileType = "wrapper.pb-project"; name = RCTAnimation.xcodeproj; path = "../node_modules/react-native/Libraries/NativeAnimation/RCTAnimation.xcodeproj"; sourceTree = "<group>"; };
		5FD6B15BACDF4FD498DE9263 /* libRNIconic.a */ = {isa = PBXFileReference; explicitFileType = undefined; fileEncoding = 9; includeInIndex = 0; lastKnownFileType = archive.ar; path = libRNIconic.a; sourceTree = "<group>"; };
		6076E1321BA9413687A08DAE /* libRNLocalNotifications.a */ = {isa = PBXFileReference; explicitFileType = undefined; fileEncoding = 9; includeInIndex = 0; lastKnownFileType = archive.ar; path = libRNLocalNotifications.a; sourceTree = "<group>"; };
		686432D0D7F44E4BB68B7922 /* libRCTLocalNotifications.a */ = {isa = PBXFileReference; explicitFileType = undefined; fileEncoding = 9; includeInIndex = 0; lastKnownFileType = archive.ar; path = libRCTLocalNotifications.a; sourceTree = "<group>"; };
		6C90CCBD5D7942B198B02731 /* libNfcManager.a */ = {isa = PBXFileReference; explicitFileType = undefined; fileEncoding = 9; includeInIndex = 0; lastKnownFileType = archive.ar; path = libNfcManager.a; sourceTree = "<group>"; };
		710B946821314610B457D81B /* SimpleLineIcons.ttf */ = {isa = PBXFileReference; explicitFileType = undefined; fileEncoding = 9; includeInIndex = 0; lastKnownFileType = unknown; name = SimpleLineIcons.ttf; path = "../node_modules/react-native-vector-icons/Fonts/SimpleLineIcons.ttf"; sourceTree = "<group>"; };
		74A3151E09AB4047BB6B61B2 /* libRCTFBSDK.a */ = {isa = PBXFileReference; explicitFileType = undefined; fileEncoding = 9; includeInIndex = 0; lastKnownFileType = archive.ar; path = libRCTFBSDK.a; sourceTree = "<group>"; };
		75DCE0DA12D7429A9EDB7AAB /* libRNiBeacon.a */ = {isa = PBXFileReference; explicitFileType = undefined; fileEncoding = 9; includeInIndex = 0; lastKnownFileType = archive.ar; path = libRNiBeacon.a; sourceTree = "<group>"; };
		78C398B01ACF4ADC00677621 /* RCTLinking.xcodeproj */ = {isa = PBXFileReference; lastKnownFileType = "wrapper.pb-project"; name = RCTLinking.xcodeproj; path = "../node_modules/react-native/Libraries/LinkingIOS/RCTLinking.xcodeproj"; sourceTree = "<group>"; };
		7DCE4A08021A4C5CA63C29E7 /* RNReactNativeGeoFence.xcodeproj */ = {isa = PBXFileReference; explicitFileType = undefined; fileEncoding = 9; includeInIndex = 0; lastKnownFileType = "wrapper.pb-project"; name = RNReactNativeGeoFence.xcodeproj; path = "../node_modules/react-native-geo-fence/ios/RNReactNativeGeoFence.xcodeproj"; sourceTree = "<group>"; };
		832341B01AAA6A8300B99B32 /* RCTText.xcodeproj */ = {isa = PBXFileReference; lastKnownFileType = "wrapper.pb-project"; name = RCTText.xcodeproj; path = "../node_modules/react-native/Libraries/Text/RCTText.xcodeproj"; sourceTree = "<group>"; };
		842805CA48944DB48ED35F16 /* Feather.ttf */ = {isa = PBXFileReference; explicitFileType = undefined; fileEncoding = 9; includeInIndex = 0; lastKnownFileType = unknown; name = Feather.ttf; path = "../node_modules/react-native-vector-icons/Fonts/Feather.ttf"; sourceTree = "<group>"; };
		86079D8F3C16437096220D3C /* RNIconic.xcodeproj */ = {isa = PBXFileReference; explicitFileType = undefined; fileEncoding = 9; includeInIndex = 0; lastKnownFileType = "wrapper.pb-project"; name = RNIconic.xcodeproj; path = "../node_modules/react-native-iconic/ios/RNIconic.xcodeproj"; sourceTree = "<group>"; };
		8A9FEBC9E97A441C90E4E443 /* RNiBeacon.xcodeproj */ = {isa = PBXFileReference; explicitFileType = undefined; fileEncoding = 9; includeInIndex = 0; lastKnownFileType = "wrapper.pb-project"; name = RNiBeacon.xcodeproj; path = "../node_modules/react-native-beacons-manager/ios/RNiBeacon/RNiBeacon.xcodeproj"; sourceTree = "<group>"; };
		95FA5AC2D765418F82312AE8 /* libRNMotionManager.a */ = {isa = PBXFileReference; explicitFileType = undefined; fileEncoding = 9; includeInIndex = 0; lastKnownFileType = archive.ar; path = libRNMotionManager.a; sourceTree = "<group>"; };
		985A6771CF09450489F0A06D /* AirMaps.xcodeproj */ = {isa = PBXFileReference; explicitFileType = undefined; fileEncoding = 9; includeInIndex = 0; lastKnownFileType = "wrapper.pb-project"; name = AirMaps.xcodeproj; path = "../node_modules/react-native-maps/lib/ios/AirMaps.xcodeproj"; sourceTree = "<group>"; };
		9CCDBD29AD324B75AEC00340 /* Zocial.ttf */ = {isa = PBXFileReference; explicitFileType = undefined; fileEncoding = 9; includeInIndex = 0; lastKnownFileType = unknown; name = Zocial.ttf; path = "../node_modules/react-native-vector-icons/Fonts/Zocial.ttf"; sourceTree = "<group>"; };
		9CDC30D1ECF94034A500F39D /* RNBluetoothState.xcodeproj */ = {isa = PBXFileReference; explicitFileType = undefined; fileEncoding = 9; includeInIndex = 0; lastKnownFileType = "wrapper.pb-project"; name = RNBluetoothState.xcodeproj; path = "../node_modules/react-native-bluetooth-state/RNBluetoothState.xcodeproj"; sourceTree = "<group>"; };
		9D1BDF3107D14B44ACF05D6F /* NfcManager.xcodeproj */ = {isa = PBXFileReference; explicitFileType = undefined; fileEncoding = 9; includeInIndex = 0; lastKnownFileType = "wrapper.pb-project"; name = NfcManager.xcodeproj; path = "../node_modules/react-native-nfc-manager/ios/NfcManager.xcodeproj"; sourceTree = "<group>"; };
		ADBDB91F1DFEBF0600ED6528 /* RCTBlob.xcodeproj */ = {isa = PBXFileReference; lastKnownFileType = "wrapper.pb-project"; name = RCTBlob.xcodeproj; path = "../node_modules/react-native/Libraries/Blob/RCTBlob.xcodeproj"; sourceTree = "<group>"; };
		AF145EA9369849F9A3AACD4D /* EvilIcons.ttf */ = {isa = PBXFileReference; explicitFileType = undefined; fileEncoding = 9; includeInIndex = 0; lastKnownFileType = unknown; name = EvilIcons.ttf; path = "../node_modules/react-native-vector-icons/Fonts/EvilIcons.ttf"; sourceTree = "<group>"; };
		B37BDCF326E148D5B0EE5D28 /* libRNReactNativeGeoFence.a */ = {isa = PBXFileReference; explicitFileType = undefined; fileEncoding = 9; includeInIndex = 0; lastKnownFileType = archive.ar; path = libRNReactNativeGeoFence.a; sourceTree = "<group>"; };
		BA06CD712017BCCA00092FC4 /* ARViewController.h */ = {isa = PBXFileReference; lastKnownFileType = sourcecode.c.h; path = ARViewController.h; sourceTree = "<group>"; };
		BA06CD722017BCCA00092FC4 /* ARViewController.m */ = {isa = PBXFileReference; lastKnownFileType = sourcecode.c.objc; path = ARViewController.m; sourceTree = "<group>"; };
		BA06CD732017BCCA00092FC4 /* ARViewController.xib */ = {isa = PBXFileReference; lastKnownFileType = file.xib; path = ARViewController.xib; sourceTree = "<group>"; };
		BA06CD762017BD7B00092FC4 /* ARKit.framework */ = {isa = PBXFileReference; lastKnownFileType = wrapper.framework; name = ARKit.framework; path = System/Library/Frameworks/ARKit.framework; sourceTree = SDKROOT; };
		BA06CD772017CC9900092FC4 /* ARManager.h */ = {isa = PBXFileReference; lastKnownFileType = sourcecode.c.h; path = ARManager.h; sourceTree = "<group>"; };
		BA06CD782017CC9900092FC4 /* ARManager.m */ = {isa = PBXFileReference; lastKnownFileType = sourcecode.c.objc; path = ARManager.m; sourceTree = "<group>"; };
		BA06CD962018639100092FC4 /* MaterialShowcase.framework */ = {isa = PBXFileReference; lastKnownFileType = wrapper.framework; name = MaterialShowcase.framework; path = "../../../../../Library/Developer/Xcode/DerivedData/MaterialShowcase-gibrkgspwbuzjbayscbctboafjnv/Build/Products/Debug-iphonesimulator/MaterialShowcase.framework"; sourceTree = "<group>"; };
		BA09D8DB2018935E00F042DF /* GeoManager.h */ = {isa = PBXFileReference; lastKnownFileType = sourcecode.c.h; path = GeoManager.h; sourceTree = "<group>"; };
		BA09D8DC2018935E00F042DF /* GeoManager.m */ = {isa = PBXFileReference; lastKnownFileType = sourcecode.c.objc; path = GeoManager.m; sourceTree = "<group>"; };
		BA09D8DE201895C300F042DF /* CoreLocation.framework */ = {isa = PBXFileReference; lastKnownFileType = wrapper.framework; name = CoreLocation.framework; path = System/Library/Frameworks/CoreLocation.framework; sourceTree = SDKROOT; };
		BA1C1A122002138600BE7B13 /* Bolts.framework */ = {isa = PBXFileReference; lastKnownFileType = wrapper.framework; path = Bolts.framework; sourceTree = "<group>"; };
		BA1C1A142002139100BE7B13 /* FBSDKCoreKit.framework */ = {isa = PBXFileReference; lastKnownFileType = wrapper.framework; path = FBSDKCoreKit.framework; sourceTree = "<group>"; };
		BA1C1A162002139B00BE7B13 /* FBSDKLoginKit.framework */ = {isa = PBXFileReference; lastKnownFileType = wrapper.framework; path = FBSDKLoginKit.framework; sourceTree = "<group>"; };
		BA1C1A18200213A600BE7B13 /* FBSDKShareKit.framework */ = {isa = PBXFileReference; lastKnownFileType = wrapper.framework; path = FBSDKShareKit.framework; sourceTree = "<group>"; };
		C913C4C06C0D4D97B32AADD3 /* MaterialIcons.ttf */ = {isa = PBXFileReference; explicitFileType = undefined; fileEncoding = 9; includeInIndex = 0; lastKnownFileType = unknown; name = MaterialIcons.ttf; path = "../node_modules/react-native-vector-icons/Fonts/MaterialIcons.ttf"; sourceTree = "<group>"; };
		CC8CBD8AF888448BA7A9FD26 /* libRNShare.a */ = {isa = PBXFileReference; explicitFileType = undefined; fileEncoding = 9; includeInIndex = 0; lastKnownFileType = archive.ar; path = libRNShare.a; sourceTree = "<group>"; };
		CE730A8B45004C468A385C90 /* libPPKReactBridge.a */ = {isa = PBXFileReference; explicitFileType = undefined; fileEncoding = 9; includeInIndex = 0; lastKnownFileType = archive.ar; path = libPPKReactBridge.a; sourceTree = "<group>"; };
		D039934A472A4B9AB22D1863 /* libRNVectorIcons.a */ = {isa = PBXFileReference; explicitFileType = undefined; fileEncoding = 9; includeInIndex = 0; lastKnownFileType = archive.ar; path = libRNVectorIcons.a; sourceTree = "<group>"; };
		D15DD11677AE4D0396F564E0 /* RNLocalNotifications.xcodeproj */ = {isa = PBXFileReference; explicitFileType = undefined; fileEncoding = 9; includeInIndex = 0; lastKnownFileType = "wrapper.pb-project"; name = RNLocalNotifications.xcodeproj; path = "../node_modules/react-native-local-notifications/ios/RNLocalNotifications.xcodeproj"; sourceTree = "<group>"; };
		D47E51C2F68E4CF9A27EADD4 /* libSpeechRecognition.a */ = {isa = PBXFileReference; explicitFileType = undefined; fileEncoding = 9; includeInIndex = 0; lastKnownFileType = archive.ar; path = libSpeechRecognition.a; sourceTree = "<group>"; };
		DA767431241B465EB6C7A80E /* Ionicons.ttf */ = {isa = PBXFileReference; explicitFileType = undefined; fileEncoding = 9; includeInIndex = 0; lastKnownFileType = unknown; name = Ionicons.ttf; path = "../node_modules/react-native-vector-icons/Fonts/Ionicons.ttf"; sourceTree = "<group>"; };
		DA87C27D153146CE9CA5DEA1 /* ReactNativePayments.xcodeproj */ = {isa = PBXFileReference; explicitFileType = undefined; fileEncoding = 9; includeInIndex = 0; lastKnownFileType = "wrapper.pb-project"; name = ReactNativePayments.xcodeproj; path = "../node_modules/react-native-payments/lib/ios/ReactNativePayments.xcodeproj"; sourceTree = "<group>"; };
		DB4075B88607433F8B017603 /* RNShare.xcodeproj */ = {isa = PBXFileReference; explicitFileType = undefined; fileEncoding = 9; includeInIndex = 0; lastKnownFileType = "wrapper.pb-project"; name = RNShare.xcodeproj; path = "../node_modules/react-native-share/ios/RNShare.xcodeproj"; sourceTree = "<group>"; };
		DC0318E81AC14E789E7BFF27 /* MaterialCommunityIcons.ttf */ = {isa = PBXFileReference; explicitFileType = undefined; fileEncoding = 9; includeInIndex = 0; lastKnownFileType = unknown; name = MaterialCommunityIcons.ttf; path = "../node_modules/react-native-vector-icons/Fonts/MaterialCommunityIcons.ttf"; sourceTree = "<group>"; };
		E11F4ADB57944CFE898B8265 /* libRNShineButton.a */ = {isa = PBXFileReference; explicitFileType = undefined; fileEncoding = 9; includeInIndex = 0; lastKnownFileType = archive.ar; path = libRNShineButton.a; sourceTree = "<group>"; };
		E1E23034FE2A4383BA1CF3BC /* RNVectorIcons.xcodeproj */ = {isa = PBXFileReference; explicitFileType = undefined; fileEncoding = 9; includeInIndex = 0; lastKnownFileType = "wrapper.pb-project"; name = RNVectorIcons.xcodeproj; path = "../node_modules/react-native-vector-icons/RNVectorIcons.xcodeproj"; sourceTree = "<group>"; };
		EB607BF81FF4C1BF00426A57 /* GoogleService-Info.plist */ = {isa = PBXFileReference; lastKnownFileType = text.plist.xml; path = "GoogleService-Info.plist"; sourceTree = "<group>"; };
		EB607BF91FF4C55900426A57 /* Animations.entitlements */ = {isa = PBXFileReference; lastKnownFileType = text.plist.entitlements; name = Animations.entitlements; path = Animations/Animations.entitlements; sourceTree = "<group>"; };
		EB966DA41FFCDE3900A91961 /* PassKit.framework */ = {isa = PBXFileReference; lastKnownFileType = wrapper.framework; name = PassKit.framework; path = System/Library/Frameworks/PassKit.framework; sourceTree = SDKROOT; };
		EC28EAAFD4104877B7C69575 /* RNMotionManager.xcodeproj */ = {isa = PBXFileReference; explicitFileType = undefined; fileEncoding = 9; includeInIndex = 0; lastKnownFileType = "wrapper.pb-project"; name = RNMotionManager.xcodeproj; path = "../node_modules/react-native-motion-manager/RNMotionManager.xcodeproj"; sourceTree = "<group>"; };
		ED3434835F70474DBBE79FAA /* libVoice.a */ = {isa = PBXFileReference; explicitFileType = undefined; fileEncoding = 9; includeInIndex = 0; lastKnownFileType = archive.ar; path = libVoice.a; sourceTree = "<group>"; };
		EEA6501A08194838BB5838EB /* FontAwesome.ttf */ = {isa = PBXFileReference; explicitFileType = undefined; fileEncoding = 9; includeInIndex = 0; lastKnownFileType = unknown; name = FontAwesome.ttf; path = "../node_modules/react-native-vector-icons/Fonts/FontAwesome.ttf"; sourceTree = "<group>"; };
		F34636287B814BEA9DD08343 /* Foundation.ttf */ = {isa = PBXFileReference; explicitFileType = undefined; fileEncoding = 9; includeInIndex = 0; lastKnownFileType = unknown; name = Foundation.ttf; path = "../node_modules/react-native-vector-icons/Fonts/Foundation.ttf"; sourceTree = "<group>"; };
		F986E7DE0F3949F7D270E169 /* Pods-Animations.debug.xcconfig */ = {isa = PBXFileReference; includeInIndex = 1; lastKnownFileType = text.xcconfig; name = "Pods-Animations.debug.xcconfig"; path = "Pods/Target Support Files/Pods-Animations/Pods-Animations.debug.xcconfig"; sourceTree = "<group>"; };
		FEE13314014545DF82FBC7ED /* libReactNativePayments.a */ = {isa = PBXFileReference; explicitFileType = undefined; fileEncoding = 9; includeInIndex = 0; lastKnownFileType = archive.ar; path = libReactNativePayments.a; sourceTree = "<group>"; };
		FF8DCEF7C30F4126ADB0E40B /* TextToSpeech.xcodeproj */ = {isa = PBXFileReference; explicitFileType = undefined; fileEncoding = 9; includeInIndex = 0; lastKnownFileType = "wrapper.pb-project"; name = TextToSpeech.xcodeproj; path = "../node_modules/react-native-tts/ios/TextToSpeech.xcodeproj"; sourceTree = "<group>"; };
		FFADAAEDBE6449A4BE3CB47F /* PPKReactBridge.xcodeproj */ = {isa = PBXFileReference; explicitFileType = undefined; fileEncoding = 9; includeInIndex = 0; lastKnownFileType = "wrapper.pb-project"; name = PPKReactBridge.xcodeproj; path = "../node_modules/react-native-p2pkit/ios/PPKReactBridge.xcodeproj"; sourceTree = "<group>"; };
/* End PBXFileReference section */

/* Begin PBXFrameworksBuildPhase section */
		13B07F8C1A680F5B00A75B9A /* Frameworks */ = {
			isa = PBXFrameworksBuildPhase;
			buildActionMask = 2147483647;
			files = (
				ADBDB9381DFEBF1600ED6528 /* libRCTBlob.a in Frameworks */,
				5E9157361DD0AC6A00FF2AA8 /* libRCTAnimation.a in Frameworks */,
				146834051AC3E58100842450 /* libReact.a in Frameworks */,
				BA1C1A152002139100BE7B13 /* FBSDKCoreKit.framework in Frameworks */,
				5E9157361DD0AC6A00FF2AA8 /* libRCTAnimation.a in Frameworks */,
				BA1C1A172002139C00BE7B13 /* FBSDKLoginKit.framework in Frameworks */,
				00C302E51ABCBA2D00DB3ED1 /* libRCTActionSheet.a in Frameworks */,
				00C302E71ABCBA2D00DB3ED1 /* libRCTGeolocation.a in Frameworks */,
				BA1C1A19200213A600BE7B13 /* FBSDKShareKit.framework in Frameworks */,
				BA1C1A132002138600BE7B13 /* Bolts.framework in Frameworks */,
				EB966DA51FFCDE3900A91961 /* PassKit.framework in Frameworks */,
				00C302E81ABCBA2D00DB3ED1 /* libRCTImage.a in Frameworks */,
				133E29F31AD74F7200F7D852 /* libRCTLinking.a in Frameworks */,
				00C302E91ABCBA2D00DB3ED1 /* libRCTNetwork.a in Frameworks */,
				139105C61AF99C1200B5F7CC /* libRCTSettings.a in Frameworks */,
				832341BD1AAA6AB300B99B32 /* libRCTText.a in Frameworks */,
				00C302EA1ABCBA2D00DB3ED1 /* libRCTVibration.a in Frameworks */,
				139FDEF61B0652A700C62182 /* libRCTWebSocket.a in Frameworks */,
				5BC37FCFA8AC406988D47E11 /* libRNVectorIcons.a in Frameworks */,
				75CD69EA890173E3C1C629A8 /* libPods-Animations.a in Frameworks */,
				0D39A7B678B247B084D2911A /* libReactNativePayments.a in Frameworks */,
				2565AA2162AA4C79A45568BE /* libAirMaps.a in Frameworks */,
				EC294F842AAC40E49182F4A2 /* libTextToSpeech.a in Frameworks */,
				D83EA2EC3BDE463E85EF6A73 /* libRNMotionManager.a in Frameworks */,
				70225ED265894D3FADD66C2A /* libRCTFBSDK.a in Frameworks */,
				8FA5FDFD30C1423A9DBF0545 /* libRNShare.a in Frameworks */,
				53C1EDDDFC4F4AD3A0CD8590 /* libSpeechRecognition.a in Frameworks */,
				6338180CEB7343968AE9183E /* libNfcManager.a in Frameworks */,
				AC7EE3A8257E4211AC7DC78C /* libRNiBeacon.a in Frameworks */,
				D2365A3A3B5542FFB00C7EAD /* libRNReactNativeGeoFence.a in Frameworks */,
				9A4EEB8FE6E442478D3DE4B2 /* libPPKReactBridge.a in Frameworks */,
				2CC191D1B12D40A28CF124E8 /* libVoice.a in Frameworks */,
				CB0E15FCF501478398D85CFD /* libRNLocalNotifications.a in Frameworks */,
				B1CCD8B79EB0483C8003F46F /* libRNIconic.a in Frameworks */,
				3E7AB4195E844FE4A87C1727 /* libRNSpruce.a in Frameworks */,
			);
			runOnlyForDeploymentPostprocessing = 0;
		};
/* End PBXFrameworksBuildPhase section */

/* Begin PBXGroup section */
		00C302A81ABCB8CE00DB3ED1 /* Products */ = {
			isa = PBXGroup;
			children = (
				00C302AC1ABCB8CE00DB3ED1 /* libRCTActionSheet.a */,
			);
			name = Products;
			sourceTree = "<group>";
		};
		00C302B61ABCB90400DB3ED1 /* Products */ = {
			isa = PBXGroup;
			children = (
				00C302BA1ABCB90400DB3ED1 /* libRCTGeolocation.a */,
			);
			name = Products;
			sourceTree = "<group>";
		};
		00C302BC1ABCB91800DB3ED1 /* Products */ = {
			isa = PBXGroup;
			children = (
				00C302C01ABCB91800DB3ED1 /* libRCTImage.a */,
				3DAD3E841DF850E9000B6D8A /* libRCTImage-tvOS.a */,
			);
			name = Products;
			sourceTree = "<group>";
		};
		00C302D41ABCB9D200DB3ED1 /* Products */ = {
			isa = PBXGroup;
			children = (
				00C302DC1ABCB9D200DB3ED1 /* libRCTNetwork.a */,
				3DAD3E8C1DF850E9000B6D8A /* libRCTNetwork-tvOS.a */,
			);
			name = Products;
			sourceTree = "<group>";
		};
		00C302E01ABCB9EE00DB3ED1 /* Products */ = {
			isa = PBXGroup;
			children = (
				00C302E41ABCB9EE00DB3ED1 /* libRCTVibration.a */,
			);
			name = Products;
			sourceTree = "<group>";
		};
		00E356EF1AD99517003FC87E /* AnimationsTests */ = {
			isa = PBXGroup;
			children = (
				00E356F21AD99517003FC87E /* AnimationsTests.m */,
				00E356F01AD99517003FC87E /* Supporting Files */,
			);
			path = AnimationsTests;
			sourceTree = "<group>";
		};
		00E356F01AD99517003FC87E /* Supporting Files */ = {
			isa = PBXGroup;
			children = (
				00E356F11AD99517003FC87E /* Info.plist */,
			);
			name = "Supporting Files";
			sourceTree = "<group>";
		};
		0F08E75C434D7A7BF170A84D /* Pods */ = {
			isa = PBXGroup;
			children = (
				F986E7DE0F3949F7D270E169 /* Pods-Animations.debug.xcconfig */,
				0CE9BABEC92592AF022C23FD /* Pods-Animations.release.xcconfig */,
			);
			name = Pods;
			sourceTree = "<group>";
		};
		139105B71AF99BAD00B5F7CC /* Products */ = {
			isa = PBXGroup;
			children = (
				139105C11AF99BAD00B5F7CC /* libRCTSettings.a */,
				3DAD3E901DF850E9000B6D8A /* libRCTSettings-tvOS.a */,
			);
			name = Products;
			sourceTree = "<group>";
		};
		139FDEE71B06529A00C62182 /* Products */ = {
			isa = PBXGroup;
			children = (
				139FDEF41B06529B00C62182 /* libRCTWebSocket.a */,
				3DAD3E991DF850E9000B6D8A /* libRCTWebSocket-tvOS.a */,
				BAB44D6E1FF2C7D00056E157 /* libfishhook.a */,
				BAB44D701FF2C7D00056E157 /* libfishhook-tvOS.a */,
			);
			name = Products;
			sourceTree = "<group>";
		};
		13B07FAE1A68108700A75B9A /* Animations */ = {
			isa = PBXGroup;
			children = (
				BA09D8DA2018920100F042DF /* Geofence */,
				BA06CD702017BBBE00092FC4 /* ARKit */,
				EB607BF91FF4C55900426A57 /* Animations.entitlements */,
				EB607BF81FF4C1BF00426A57 /* GoogleService-Info.plist */,
				008F07F21AC5B25A0029DE68 /* main.jsbundle */,
				13B07FAF1A68108700A75B9A /* AppDelegate.h */,
				13B07FB01A68108700A75B9A /* AppDelegate.m */,
				13B07FB51A68108700A75B9A /* Images.xcassets */,
				13B07FB61A68108700A75B9A /* Info.plist */,
				13B07FB11A68108700A75B9A /* LaunchScreen.xib */,
				13B07FB71A68108700A75B9A /* main.m */,
			);
			name = Animations;
			sourceTree = "<group>";
		};
		146834001AC3E56700842450 /* Products */ = {
			isa = PBXGroup;
			children = (
				146834041AC3E56700842450 /* libReact.a */,
				3DAD3EA31DF850E9000B6D8A /* libReact.a */,
				3DAD3EA51DF850E9000B6D8A /* libyoga.a */,
				3DAD3EA71DF850E9000B6D8A /* libyoga.a */,
				3DAD3EA91DF850E9000B6D8A /* libcxxreact.a */,
				3DAD3EAB1DF850E9000B6D8A /* libcxxreact.a */,
				3DAD3EAD1DF850E9000B6D8A /* libjschelpers.a */,
				3DAD3EAF1DF850E9000B6D8A /* libjschelpers.a */,
				BAB44D851FF2DF5C0056E157 /* libthird-party.a */,
				BAB44D871FF2DF5C0056E157 /* libthird-party.a */,
				BAB44D891FF2DF5C0056E157 /* libdouble-conversion.a */,
				BAB44D8B1FF2DF5C0056E157 /* libdouble-conversion.a */,
			);
			name = Products;
			sourceTree = "<group>";
		};
		538CC70574EC4EF8ADF8D6B2 /* Resources */ = {
			isa = PBXGroup;
			children = (
				23055EEAD3C34FE6A89FF063 /* Entypo.ttf */,
				AF145EA9369849F9A3AACD4D /* EvilIcons.ttf */,
				842805CA48944DB48ED35F16 /* Feather.ttf */,
				EEA6501A08194838BB5838EB /* FontAwesome.ttf */,
				F34636287B814BEA9DD08343 /* Foundation.ttf */,
				DA767431241B465EB6C7A80E /* Ionicons.ttf */,
				DC0318E81AC14E789E7BFF27 /* MaterialCommunityIcons.ttf */,
				C913C4C06C0D4D97B32AADD3 /* MaterialIcons.ttf */,
				5A870E29337D4EAEBF598FE1 /* Octicons.ttf */,
				710B946821314610B457D81B /* SimpleLineIcons.ttf */,
				9CCDBD29AD324B75AEC00340 /* Zocial.ttf */,
			);
			name = Resources;
			sourceTree = "<group>";
		};
		5E91572E1DD0AC6500FF2AA8 /* Products */ = {
			isa = PBXGroup;
			children = (
				5E9157331DD0AC6500FF2AA8 /* libRCTAnimation.a */,
				5E9157351DD0AC6500FF2AA8 /* libRCTAnimation.a */,
			);
			name = Products;
			sourceTree = "<group>";
		};
		726EB744D462587CE7502E07 /* Frameworks */ = {
			isa = PBXGroup;
			children = (
				BA09D8DE201895C300F042DF /* CoreLocation.framework */,
				BA06CD962018639100092FC4 /* MaterialShowcase.framework */,
				BA06CD762017BD7B00092FC4 /* ARKit.framework */,
				BA1C1A18200213A600BE7B13 /* FBSDKShareKit.framework */,
				BA1C1A162002139B00BE7B13 /* FBSDKLoginKit.framework */,
				BA1C1A142002139100BE7B13 /* FBSDKCoreKit.framework */,
				BA1C1A122002138600BE7B13 /* Bolts.framework */,
				EB966DA41FFCDE3900A91961 /* PassKit.framework */,
				1127F1358C75D43431731BED /* libPods-Animations.a */,
			);
			name = Frameworks;
			sourceTree = "<group>";
		};
		78C398B11ACF4ADC00677621 /* Products */ = {
			isa = PBXGroup;
			children = (
				78C398B91ACF4ADC00677621 /* libRCTLinking.a */,
				3DAD3E881DF850E9000B6D8A /* libRCTLinking-tvOS.a */,
			);
			name = Products;
			sourceTree = "<group>";
		};
		832341AE1AAA6A7D00B99B32 /* Libraries */ = {
			isa = PBXGroup;
			children = (
				5E91572D1DD0AC6500FF2AA8 /* RCTAnimation.xcodeproj */,
				146833FF1AC3E56700842450 /* React.xcodeproj */,
				00C302A71ABCB8CE00DB3ED1 /* RCTActionSheet.xcodeproj */,
				ADBDB91F1DFEBF0600ED6528 /* RCTBlob.xcodeproj */,
				00C302B51ABCB90400DB3ED1 /* RCTGeolocation.xcodeproj */,
				00C302BB1ABCB91800DB3ED1 /* RCTImage.xcodeproj */,
				78C398B01ACF4ADC00677621 /* RCTLinking.xcodeproj */,
				00C302D31ABCB9D200DB3ED1 /* RCTNetwork.xcodeproj */,
				139105B61AF99BAD00B5F7CC /* RCTSettings.xcodeproj */,
				832341B01AAA6A8300B99B32 /* RCTText.xcodeproj */,
				00C302DF1ABCB9EE00DB3ED1 /* RCTVibration.xcodeproj */,
				139FDEE61B06529A00C62182 /* RCTWebSocket.xcodeproj */,
				E1E23034FE2A4383BA1CF3BC /* RNVectorIcons.xcodeproj */,
				DA87C27D153146CE9CA5DEA1 /* ReactNativePayments.xcodeproj */,
				985A6771CF09450489F0A06D /* AirMaps.xcodeproj */,
				FF8DCEF7C30F4126ADB0E40B /* TextToSpeech.xcodeproj */,
				EC28EAAFD4104877B7C69575 /* RNMotionManager.xcodeproj */,
				3571C3FECA2D44A58C34B6FD /* RCTFBSDK.xcodeproj */,
				DB4075B88607433F8B017603 /* RNShare.xcodeproj */,
				4186BB75883848B7962F9403 /* SpeechRecognition.xcodeproj */,
				9D1BDF3107D14B44ACF05D6F /* NfcManager.xcodeproj */,
				8A9FEBC9E97A441C90E4E443 /* RNiBeacon.xcodeproj */,
				9CDC30D1ECF94034A500F39D /* RNBluetoothState.xcodeproj */,
				7DCE4A08021A4C5CA63C29E7 /* RNReactNativeGeoFence.xcodeproj */,
				FFADAAEDBE6449A4BE3CB47F /* PPKReactBridge.xcodeproj */,
				3D5FCC4EF2794938AB5DAFCD /* Voice.xcodeproj */,
				D15DD11677AE4D0396F564E0 /* RNLocalNotifications.xcodeproj */,
				86079D8F3C16437096220D3C /* RNIconic.xcodeproj */,
				23C6D439443C4DC1AB059AC7 /* RNSpruce.xcodeproj */,
			);
			name = Libraries;
			sourceTree = "<group>";
		};
		832341B11AAA6A8300B99B32 /* Products */ = {
			isa = PBXGroup;
			children = (
				832341B51AAA6A8300B99B32 /* libRCTText.a */,
				3DAD3E941DF850E9000B6D8A /* libRCTText-tvOS.a */,
			);
			name = Products;
			sourceTree = "<group>";
		};
		83CBB9F61A601CBA00E9B192 = {
			isa = PBXGroup;
			children = (
				13B07FAE1A68108700A75B9A /* Animations */,
				832341AE1AAA6A7D00B99B32 /* Libraries */,
				00E356EF1AD99517003FC87E /* AnimationsTests */,
				83CBBA001A601CBA00E9B192 /* Products */,
				538CC70574EC4EF8ADF8D6B2 /* Resources */,
				BAB44D551FF2C7CE0056E157 /* Recovered References */,
				0F08E75C434D7A7BF170A84D /* Pods */,
				726EB744D462587CE7502E07 /* Frameworks */,
			);
			indentWidth = 2;
			sourceTree = "<group>";
			tabWidth = 2;
			usesTabs = 0;
		};
		83CBBA001A601CBA00E9B192 /* Products */ = {
			isa = PBXGroup;
			children = (
				13B07F961A680F5B00A75B9A /* Animations.app */,
			);
			name = Products;
			sourceTree = "<group>";
		};
		ADBDB9201DFEBF0600ED6528 /* Products */ = {
			isa = PBXGroup;
			children = (
				ADBDB9271DFEBF0700ED6528 /* libRCTBlob.a */,
				BAB44D5C1FF2C7D00056E157 /* libRCTBlob-tvOS.a */,
			);
			name = Products;
			sourceTree = "<group>";
		};
		BA06CC622017B47000092FC4 /* Products */ = {
			isa = PBXGroup;
			children = (
				BA06CC662017B47000092FC4 /* libRNIconic.a */,
			);
			name = Products;
			sourceTree = "<group>";
		};
		BA06CCB72017B8EB00092FC4 /* Products */ = {
			isa = PBXGroup;
			children = (
				BA06CCBB2017B8EB00092FC4 /* libRNSpruce.a */,
			);
			name = Products;
			sourceTree = "<group>";
		};
		BA06CD702017BBBE00092FC4 /* ARKit */ = {
			isa = PBXGroup;
			children = (
				BA06CD712017BCCA00092FC4 /* ARViewController.h */,
				BA06CD722017BCCA00092FC4 /* ARViewController.m */,
				BA06CD732017BCCA00092FC4 /* ARViewController.xib */,
				BA06CD772017CC9900092FC4 /* ARManager.h */,
				BA06CD782017CC9900092FC4 /* ARManager.m */,
			);
			name = ARKit;
			sourceTree = "<group>";
		};
		BA09D8DA2018920100F042DF /* Geofence */ = {
			isa = PBXGroup;
			children = (
				BA09D8DB2018935E00F042DF /* GeoManager.h */,
				BA09D8DC2018935E00F042DF /* GeoManager.m */,
			);
			name = Geofence;
			sourceTree = "<group>";
		};
		BA0E504620109BEB0084F2F1 /* Products */ = {
			isa = PBXGroup;
			children = (
				BA0E504A20109BEB0084F2F1 /* libPPKReactBridge.a */,
			);
			name = Products;
			sourceTree = "<group>";
		};
		BA1C1A0A2001E8D400BE7B13 /* Products */ = {
			isa = PBXGroup;
			children = (
				BA1C1A0F2001E8D400BE7B13 /* libRNMotionManager.a */,
				BA1C1A112001E8D400BE7B13 /* RNMotionManagerTests.xctest */,
			);
			name = Products;
			sourceTree = "<group>";
		};
		BA1C1A7620021C1100BE7B13 /* Products */ = {
			isa = PBXGroup;
			children = (
				BA1C1A7A20021C1100BE7B13 /* libRCTFBSDK.a */,
			);
			name = Products;
			sourceTree = "<group>";
		};
		BA44D82D2013AAFE00E70F98 /* Products */ = {
			isa = PBXGroup;
			children = (
				BA44D8552013AAFE00E70F98 /* libVoice.a */,
			);
			name = Products;
			sourceTree = "<group>";
		};
		BA480A121FFDFA8200B3A604 /* Products */ = {
			isa = PBXGroup;
			children = (
				BA480A161FFDFA8300B3A604 /* libAirMaps.a */,
			);
			name = Products;
			sourceTree = "<group>";
		};
		BA586B5E200494B600B6FA70 /* Products */ = {
			isa = PBXGroup;
			children = (
				BA586B62200494B600B6FA70 /* libRNShare.a */,
			);
			name = Products;
			sourceTree = "<group>";
		};
		BA586B9F2006020700B6FA70 /* Products */ = {
			isa = PBXGroup;
			children = (
				BA586BA32006020700B6FA70 /* libSpeechRecognition.a */,
			);
			name = Products;
			sourceTree = "<group>";
		};
		BA7448D92007835A000E8094 /* Products */ = {
			isa = PBXGroup;
			children = (
				BA7448DD2007835A000E8094 /* libNfcManager.a */,
			);
			name = Products;
			sourceTree = "<group>";
		};
		BA74491E20089C03000E8094 /* Products */ = {
			isa = PBXGroup;
			children = (
				BA74492220089C03000E8094 /* libRNiBeacon.a */,
			);
			name = Products;
			sourceTree = "<group>";
		};
		BA7449652008A046000E8094 /* Products */ = {
			isa = PBXGroup;
			children = (
				BA7449692008A046000E8094 /* libRNBluetoothState.a */,
			);
			name = Products;
			sourceTree = "<group>";
		};
		BA759561200DC58900C31CFA /* Products */ = {
			isa = PBXGroup;
			children = (
				BA75958E200DC58900C31CFA /* libRNReactNativeGeoFence.a */,
			);
			name = Products;
			sourceTree = "<group>";
		};
		BAAECFDD1FFE748B009D3409 /* Products */ = {
			isa = PBXGroup;
			children = (
				BAAECFE11FFE748C009D3409 /* libTextToSpeech.a */,
			);
			name = Products;
			sourceTree = "<group>";
		};
		BAB44D551FF2C7CE0056E157 /* Recovered References */ = {
			isa = PBXGroup;
			children = (
				D039934A472A4B9AB22D1863 /* libRNVectorIcons.a */,
				FEE13314014545DF82FBC7ED /* libReactNativePayments.a */,
				498A602674AF4C6ABF6A39D5 /* libAirMaps.a */,
				0BDDCB05293748B1A3925471 /* libTextToSpeech.a */,
				95FA5AC2D765418F82312AE8 /* libRNMotionManager.a */,
				74A3151E09AB4047BB6B61B2 /* libRCTFBSDK.a */,
				CC8CBD8AF888448BA7A9FD26 /* libRNShare.a */,
				D47E51C2F68E4CF9A27EADD4 /* libSpeechRecognition.a */,
				6C90CCBD5D7942B198B02731 /* libNfcManager.a */,
				75DCE0DA12D7429A9EDB7AAB /* libRNiBeacon.a */,
				0D354E82938D4DD081C2C569 /* libRNBluetoothState.a */,
				B37BDCF326E148D5B0EE5D28 /* libRNReactNativeGeoFence.a */,
				CE730A8B45004C468A385C90 /* libPPKReactBridge.a */,
				ED3434835F70474DBBE79FAA /* libVoice.a */,
				6076E1321BA9413687A08DAE /* libRNLocalNotifications.a */,
				686432D0D7F44E4BB68B7922 /* libRCTLocalNotifications.a */,
				5FD6B15BACDF4FD498DE9263 /* libRNIconic.a */,
				547C67F7C0A1424E80E96528 /* libRNSpruce.a */,
				E11F4ADB57944CFE898B8265 /* libRNShineButton.a */,
			);
			name = "Recovered References";
			sourceTree = "<group>";
		};
		BAB44D711FF2C7D20056E157 /* Products */ = {
			isa = PBXGroup;
			children = (
				BAB44D751FF2C7D20056E157 /* libRNVectorIcons.a */,
			);
			name = Products;
			sourceTree = "<group>";
		};
		BAD0668C20166FC900281C94 /* Products */ = {
			isa = PBXGroup;
			children = (
				BAD0669020166FC900281C94 /* libRNLocalNotifications.a */,
			);
			name = Products;
			sourceTree = "<group>";
		};
		EB966D9F1FFCD74A00A91961 /* Products */ = {
			isa = PBXGroup;
			children = (
				EB966DA31FFCD74B00A91961 /* libReactNativePayments.a */,
			);
			name = Products;
			sourceTree = "<group>";
		};
/* End PBXGroup section */

/* Begin PBXNativeTarget section */
		13B07F861A680F5B00A75B9A /* Animations */ = {
			isa = PBXNativeTarget;
			buildConfigurationList = 13B07F931A680F5B00A75B9A /* Build configuration list for PBXNativeTarget "Animations" */;
			buildPhases = (
				6A273B0F2A760BC3F1BA7F75 /* [CP] Check Pods Manifest.lock */,
				13B07F871A680F5B00A75B9A /* Sources */,
				13B07F8C1A680F5B00A75B9A /* Frameworks */,
				13B07F8E1A680F5B00A75B9A /* Resources */,
				00DD1BFF1BD5951E006B06BC /* Bundle React Native code and images */,
				B51CB22214A8F97D87F3B5E9 /* [CP] Embed Pods Frameworks */,
				8B8A96F613057EFBEF96A209 /* [CP] Copy Pods Resources */,
				BA06CD9B201863BC00092FC4 /* Embed Frameworks */,
			);
			buildRules = (
			);
			dependencies = (
			);
			name = Animations;
			productName = "Hello World";
			productReference = 13B07F961A680F5B00A75B9A /* Animations.app */;
			productType = "com.apple.product-type.application";
		};
/* End PBXNativeTarget section */

/* Begin PBXProject section */
		83CBB9F71A601CBA00E9B192 /* Project object */ = {
			isa = PBXProject;
			attributes = {
				LastUpgradeCheck = 610;
				ORGANIZATIONNAME = Facebook;
				TargetAttributes = {
					13B07F861A680F5B00A75B9A = {
						DevelopmentTeam = U659SE3YQ6;
						ProvisioningStyle = Automatic;
						SystemCapabilities = {
							com.apple.ApplePay = {
								enabled = 1;
							};
							com.apple.BackgroundModes = {
								enabled = 1;
							};
							com.apple.Push = {
								enabled = 1;
							};
							com.apple.Wallet = {
								enabled = 1;
							};
						};
					};
				};
			};
			buildConfigurationList = 83CBB9FA1A601CBA00E9B192 /* Build configuration list for PBXProject "Animations" */;
			compatibilityVersion = "Xcode 3.2";
			developmentRegion = English;
			hasScannedForEncodings = 0;
			knownRegions = (
				en,
				Base,
			);
			mainGroup = 83CBB9F61A601CBA00E9B192;
			productRefGroup = 83CBBA001A601CBA00E9B192 /* Products */;
			projectDirPath = "";
			projectReferences = (
				{
					ProductGroup = BA480A121FFDFA8200B3A604 /* Products */;
					ProjectRef = 985A6771CF09450489F0A06D /* AirMaps.xcodeproj */;
				},
				{
					ProductGroup = BA7448D92007835A000E8094 /* Products */;
					ProjectRef = 9D1BDF3107D14B44ACF05D6F /* NfcManager.xcodeproj */;
				},
				{
					ProductGroup = BA0E504620109BEB0084F2F1 /* Products */;
					ProjectRef = FFADAAEDBE6449A4BE3CB47F /* PPKReactBridge.xcodeproj */;
				},
				{
					ProductGroup = 00C302A81ABCB8CE00DB3ED1 /* Products */;
					ProjectRef = 00C302A71ABCB8CE00DB3ED1 /* RCTActionSheet.xcodeproj */;
				},
				{
					ProductGroup = 5E91572E1DD0AC6500FF2AA8 /* Products */;
					ProjectRef = 5E91572D1DD0AC6500FF2AA8 /* RCTAnimation.xcodeproj */;
				},
				{
					ProductGroup = ADBDB9201DFEBF0600ED6528 /* Products */;
					ProjectRef = ADBDB91F1DFEBF0600ED6528 /* RCTBlob.xcodeproj */;
				},
				{
					ProductGroup = BA1C1A7620021C1100BE7B13 /* Products */;
					ProjectRef = 3571C3FECA2D44A58C34B6FD /* RCTFBSDK.xcodeproj */;
				},
				{
					ProductGroup = 00C302B61ABCB90400DB3ED1 /* Products */;
					ProjectRef = 00C302B51ABCB90400DB3ED1 /* RCTGeolocation.xcodeproj */;
				},
				{
					ProductGroup = 00C302BC1ABCB91800DB3ED1 /* Products */;
					ProjectRef = 00C302BB1ABCB91800DB3ED1 /* RCTImage.xcodeproj */;
				},
				{
					ProductGroup = 78C398B11ACF4ADC00677621 /* Products */;
					ProjectRef = 78C398B01ACF4ADC00677621 /* RCTLinking.xcodeproj */;
				},
				{
					ProductGroup = 00C302D41ABCB9D200DB3ED1 /* Products */;
					ProjectRef = 00C302D31ABCB9D200DB3ED1 /* RCTNetwork.xcodeproj */;
				},
				{
					ProductGroup = 139105B71AF99BAD00B5F7CC /* Products */;
					ProjectRef = 139105B61AF99BAD00B5F7CC /* RCTSettings.xcodeproj */;
				},
				{
					ProductGroup = 832341B11AAA6A8300B99B32 /* Products */;
					ProjectRef = 832341B01AAA6A8300B99B32 /* RCTText.xcodeproj */;
				},
				{
					ProductGroup = 00C302E01ABCB9EE00DB3ED1 /* Products */;
					ProjectRef = 00C302DF1ABCB9EE00DB3ED1 /* RCTVibration.xcodeproj */;
				},
				{
					ProductGroup = 139FDEE71B06529A00C62182 /* Products */;
					ProjectRef = 139FDEE61B06529A00C62182 /* RCTWebSocket.xcodeproj */;
				},
				{
					ProductGroup = 146834001AC3E56700842450 /* Products */;
					ProjectRef = 146833FF1AC3E56700842450 /* React.xcodeproj */;
				},
				{
					ProductGroup = EB966D9F1FFCD74A00A91961 /* Products */;
					ProjectRef = DA87C27D153146CE9CA5DEA1 /* ReactNativePayments.xcodeproj */;
				},
				{
					ProductGroup = BA7449652008A046000E8094 /* Products */;
					ProjectRef = 9CDC30D1ECF94034A500F39D /* RNBluetoothState.xcodeproj */;
				},
				{
					ProductGroup = BA74491E20089C03000E8094 /* Products */;
					ProjectRef = 8A9FEBC9E97A441C90E4E443 /* RNiBeacon.xcodeproj */;
				},
				{
					ProductGroup = BA06CC622017B47000092FC4 /* Products */;
					ProjectRef = 86079D8F3C16437096220D3C /* RNIconic.xcodeproj */;
				},
				{
					ProductGroup = BAD0668C20166FC900281C94 /* Products */;
					ProjectRef = D15DD11677AE4D0396F564E0 /* RNLocalNotifications.xcodeproj */;
				},
				{
					ProductGroup = BA1C1A0A2001E8D400BE7B13 /* Products */;
					ProjectRef = EC28EAAFD4104877B7C69575 /* RNMotionManager.xcodeproj */;
				},
				{
					ProductGroup = BA759561200DC58900C31CFA /* Products */;
					ProjectRef = 7DCE4A08021A4C5CA63C29E7 /* RNReactNativeGeoFence.xcodeproj */;
				},
				{
					ProductGroup = BA586B5E200494B600B6FA70 /* Products */;
					ProjectRef = DB4075B88607433F8B017603 /* RNShare.xcodeproj */;
				},
				{
					ProductGroup = BA06CCB72017B8EB00092FC4 /* Products */;
					ProjectRef = 23C6D439443C4DC1AB059AC7 /* RNSpruce.xcodeproj */;
				},
				{
					ProductGroup = BAB44D711FF2C7D20056E157 /* Products */;
					ProjectRef = E1E23034FE2A4383BA1CF3BC /* RNVectorIcons.xcodeproj */;
				},
				{
					ProductGroup = BA586B9F2006020700B6FA70 /* Products */;
					ProjectRef = 4186BB75883848B7962F9403 /* SpeechRecognition.xcodeproj */;
				},
				{
					ProductGroup = BAAECFDD1FFE748B009D3409 /* Products */;
					ProjectRef = FF8DCEF7C30F4126ADB0E40B /* TextToSpeech.xcodeproj */;
				},
				{
					ProductGroup = BA44D82D2013AAFE00E70F98 /* Products */;
					ProjectRef = 3D5FCC4EF2794938AB5DAFCD /* Voice.xcodeproj */;
				},
			);
			projectRoot = "";
			targets = (
				13B07F861A680F5B00A75B9A /* Animations */,
			);
		};
/* End PBXProject section */

/* Begin PBXReferenceProxy section */
		00C302AC1ABCB8CE00DB3ED1 /* libRCTActionSheet.a */ = {
			isa = PBXReferenceProxy;
			fileType = archive.ar;
			path = libRCTActionSheet.a;
			remoteRef = 00C302AB1ABCB8CE00DB3ED1 /* PBXContainerItemProxy */;
			sourceTree = BUILT_PRODUCTS_DIR;
		};
		00C302BA1ABCB90400DB3ED1 /* libRCTGeolocation.a */ = {
			isa = PBXReferenceProxy;
			fileType = archive.ar;
			path = libRCTGeolocation.a;
			remoteRef = 00C302B91ABCB90400DB3ED1 /* PBXContainerItemProxy */;
			sourceTree = BUILT_PRODUCTS_DIR;
		};
		00C302C01ABCB91800DB3ED1 /* libRCTImage.a */ = {
			isa = PBXReferenceProxy;
			fileType = archive.ar;
			path = libRCTImage.a;
			remoteRef = 00C302BF1ABCB91800DB3ED1 /* PBXContainerItemProxy */;
			sourceTree = BUILT_PRODUCTS_DIR;
		};
		00C302DC1ABCB9D200DB3ED1 /* libRCTNetwork.a */ = {
			isa = PBXReferenceProxy;
			fileType = archive.ar;
			path = libRCTNetwork.a;
			remoteRef = 00C302DB1ABCB9D200DB3ED1 /* PBXContainerItemProxy */;
			sourceTree = BUILT_PRODUCTS_DIR;
		};
		00C302E41ABCB9EE00DB3ED1 /* libRCTVibration.a */ = {
			isa = PBXReferenceProxy;
			fileType = archive.ar;
			path = libRCTVibration.a;
			remoteRef = 00C302E31ABCB9EE00DB3ED1 /* PBXContainerItemProxy */;
			sourceTree = BUILT_PRODUCTS_DIR;
		};
		139105C11AF99BAD00B5F7CC /* libRCTSettings.a */ = {
			isa = PBXReferenceProxy;
			fileType = archive.ar;
			path = libRCTSettings.a;
			remoteRef = 139105C01AF99BAD00B5F7CC /* PBXContainerItemProxy */;
			sourceTree = BUILT_PRODUCTS_DIR;
		};
		139FDEF41B06529B00C62182 /* libRCTWebSocket.a */ = {
			isa = PBXReferenceProxy;
			fileType = archive.ar;
			path = libRCTWebSocket.a;
			remoteRef = 139FDEF31B06529B00C62182 /* PBXContainerItemProxy */;
			sourceTree = BUILT_PRODUCTS_DIR;
		};
		146834041AC3E56700842450 /* libReact.a */ = {
			isa = PBXReferenceProxy;
			fileType = archive.ar;
			path = libReact.a;
			remoteRef = 146834031AC3E56700842450 /* PBXContainerItemProxy */;
			sourceTree = BUILT_PRODUCTS_DIR;
		};
		3DAD3E841DF850E9000B6D8A /* libRCTImage-tvOS.a */ = {
			isa = PBXReferenceProxy;
			fileType = archive.ar;
			path = "libRCTImage-tvOS.a";
			remoteRef = 3DAD3E831DF850E9000B6D8A /* PBXContainerItemProxy */;
			sourceTree = BUILT_PRODUCTS_DIR;
		};
		3DAD3E881DF850E9000B6D8A /* libRCTLinking-tvOS.a */ = {
			isa = PBXReferenceProxy;
			fileType = archive.ar;
			path = "libRCTLinking-tvOS.a";
			remoteRef = 3DAD3E871DF850E9000B6D8A /* PBXContainerItemProxy */;
			sourceTree = BUILT_PRODUCTS_DIR;
		};
		3DAD3E8C1DF850E9000B6D8A /* libRCTNetwork-tvOS.a */ = {
			isa = PBXReferenceProxy;
			fileType = archive.ar;
			path = "libRCTNetwork-tvOS.a";
			remoteRef = 3DAD3E8B1DF850E9000B6D8A /* PBXContainerItemProxy */;
			sourceTree = BUILT_PRODUCTS_DIR;
		};
		3DAD3E901DF850E9000B6D8A /* libRCTSettings-tvOS.a */ = {
			isa = PBXReferenceProxy;
			fileType = archive.ar;
			path = "libRCTSettings-tvOS.a";
			remoteRef = 3DAD3E8F1DF850E9000B6D8A /* PBXContainerItemProxy */;
			sourceTree = BUILT_PRODUCTS_DIR;
		};
		3DAD3E941DF850E9000B6D8A /* libRCTText-tvOS.a */ = {
			isa = PBXReferenceProxy;
			fileType = archive.ar;
			path = "libRCTText-tvOS.a";
			remoteRef = 3DAD3E931DF850E9000B6D8A /* PBXContainerItemProxy */;
			sourceTree = BUILT_PRODUCTS_DIR;
		};
		3DAD3E991DF850E9000B6D8A /* libRCTWebSocket-tvOS.a */ = {
			isa = PBXReferenceProxy;
			fileType = archive.ar;
			path = "libRCTWebSocket-tvOS.a";
			remoteRef = 3DAD3E981DF850E9000B6D8A /* PBXContainerItemProxy */;
			sourceTree = BUILT_PRODUCTS_DIR;
		};
		3DAD3EA31DF850E9000B6D8A /* libReact.a */ = {
			isa = PBXReferenceProxy;
			fileType = archive.ar;
			path = libReact.a;
			remoteRef = 3DAD3EA21DF850E9000B6D8A /* PBXContainerItemProxy */;
			sourceTree = BUILT_PRODUCTS_DIR;
		};
		3DAD3EA51DF850E9000B6D8A /* libyoga.a */ = {
			isa = PBXReferenceProxy;
			fileType = archive.ar;
			path = libyoga.a;
			remoteRef = 3DAD3EA41DF850E9000B6D8A /* PBXContainerItemProxy */;
			sourceTree = BUILT_PRODUCTS_DIR;
		};
		3DAD3EA71DF850E9000B6D8A /* libyoga.a */ = {
			isa = PBXReferenceProxy;
			fileType = archive.ar;
			path = libyoga.a;
			remoteRef = 3DAD3EA61DF850E9000B6D8A /* PBXContainerItemProxy */;
			sourceTree = BUILT_PRODUCTS_DIR;
		};
		3DAD3EA91DF850E9000B6D8A /* libcxxreact.a */ = {
			isa = PBXReferenceProxy;
			fileType = archive.ar;
			path = libcxxreact.a;
			remoteRef = 3DAD3EA81DF850E9000B6D8A /* PBXContainerItemProxy */;
			sourceTree = BUILT_PRODUCTS_DIR;
		};
		3DAD3EAB1DF850E9000B6D8A /* libcxxreact.a */ = {
			isa = PBXReferenceProxy;
			fileType = archive.ar;
			path = libcxxreact.a;
			remoteRef = 3DAD3EAA1DF850E9000B6D8A /* PBXContainerItemProxy */;
			sourceTree = BUILT_PRODUCTS_DIR;
		};
		3DAD3EAD1DF850E9000B6D8A /* libjschelpers.a */ = {
			isa = PBXReferenceProxy;
			fileType = archive.ar;
			path = libjschelpers.a;
			remoteRef = 3DAD3EAC1DF850E9000B6D8A /* PBXContainerItemProxy */;
			sourceTree = BUILT_PRODUCTS_DIR;
		};
		3DAD3EAF1DF850E9000B6D8A /* libjschelpers.a */ = {
			isa = PBXReferenceProxy;
			fileType = archive.ar;
			path = libjschelpers.a;
			remoteRef = 3DAD3EAE1DF850E9000B6D8A /* PBXContainerItemProxy */;
			sourceTree = BUILT_PRODUCTS_DIR;
		};
		5E9157331DD0AC6500FF2AA8 /* libRCTAnimation.a */ = {
			isa = PBXReferenceProxy;
			fileType = archive.ar;
			path = libRCTAnimation.a;
			remoteRef = 5E9157321DD0AC6500FF2AA8 /* PBXContainerItemProxy */;
			sourceTree = BUILT_PRODUCTS_DIR;
		};
		5E9157351DD0AC6500FF2AA8 /* libRCTAnimation.a */ = {
			isa = PBXReferenceProxy;
			fileType = archive.ar;
			path = libRCTAnimation.a;
			remoteRef = 5E9157341DD0AC6500FF2AA8 /* PBXContainerItemProxy */;
			sourceTree = BUILT_PRODUCTS_DIR;
		};
		78C398B91ACF4ADC00677621 /* libRCTLinking.a */ = {
			isa = PBXReferenceProxy;
			fileType = archive.ar;
			path = libRCTLinking.a;
			remoteRef = 78C398B81ACF4ADC00677621 /* PBXContainerItemProxy */;
			sourceTree = BUILT_PRODUCTS_DIR;
		};
		832341B51AAA6A8300B99B32 /* libRCTText.a */ = {
			isa = PBXReferenceProxy;
			fileType = archive.ar;
			path = libRCTText.a;
			remoteRef = 832341B41AAA6A8300B99B32 /* PBXContainerItemProxy */;
			sourceTree = BUILT_PRODUCTS_DIR;
		};
		ADBDB9271DFEBF0700ED6528 /* libRCTBlob.a */ = {
			isa = PBXReferenceProxy;
			fileType = archive.ar;
			path = libRCTBlob.a;
			remoteRef = ADBDB9261DFEBF0700ED6528 /* PBXContainerItemProxy */;
			sourceTree = BUILT_PRODUCTS_DIR;
		};
		BA06CC662017B47000092FC4 /* libRNIconic.a */ = {
			isa = PBXReferenceProxy;
			fileType = archive.ar;
			path = libRNIconic.a;
			remoteRef = BA06CC652017B47000092FC4 /* PBXContainerItemProxy */;
			sourceTree = BUILT_PRODUCTS_DIR;
		};
		BA06CCBB2017B8EB00092FC4 /* libRNSpruce.a */ = {
			isa = PBXReferenceProxy;
			fileType = archive.ar;
			path = libRNSpruce.a;
			remoteRef = BA06CCBA2017B8EB00092FC4 /* PBXContainerItemProxy */;
			sourceTree = BUILT_PRODUCTS_DIR;
		};
		BA0E504A20109BEB0084F2F1 /* libPPKReactBridge.a */ = {
			isa = PBXReferenceProxy;
			fileType = archive.ar;
			path = libPPKReactBridge.a;
			remoteRef = BA0E504920109BEB0084F2F1 /* PBXContainerItemProxy */;
			sourceTree = BUILT_PRODUCTS_DIR;
		};
		BA1C1A0F2001E8D400BE7B13 /* libRNMotionManager.a */ = {
			isa = PBXReferenceProxy;
			fileType = archive.ar;
			path = libRNMotionManager.a;
			remoteRef = BA1C1A0E2001E8D400BE7B13 /* PBXContainerItemProxy */;
			sourceTree = BUILT_PRODUCTS_DIR;
		};
		BA1C1A112001E8D400BE7B13 /* RNMotionManagerTests.xctest */ = {
			isa = PBXReferenceProxy;
			fileType = wrapper.cfbundle;
			path = RNMotionManagerTests.xctest;
			remoteRef = BA1C1A102001E8D400BE7B13 /* PBXContainerItemProxy */;
			sourceTree = BUILT_PRODUCTS_DIR;
		};
		BA1C1A7A20021C1100BE7B13 /* libRCTFBSDK.a */ = {
			isa = PBXReferenceProxy;
			fileType = archive.ar;
			path = libRCTFBSDK.a;
			remoteRef = BA1C1A7920021C1100BE7B13 /* PBXContainerItemProxy */;
			sourceTree = BUILT_PRODUCTS_DIR;
		};
		BA44D8552013AAFE00E70F98 /* libVoice.a */ = {
			isa = PBXReferenceProxy;
			fileType = archive.ar;
			path = libVoice.a;
			remoteRef = BA44D8542013AAFE00E70F98 /* PBXContainerItemProxy */;
			sourceTree = BUILT_PRODUCTS_DIR;
		};
		BA480A161FFDFA8300B3A604 /* libAirMaps.a */ = {
			isa = PBXReferenceProxy;
			fileType = archive.ar;
			path = libAirMaps.a;
			remoteRef = BA480A151FFDFA8300B3A604 /* PBXContainerItemProxy */;
			sourceTree = BUILT_PRODUCTS_DIR;
		};
		BA586B62200494B600B6FA70 /* libRNShare.a */ = {
			isa = PBXReferenceProxy;
			fileType = archive.ar;
			path = libRNShare.a;
			remoteRef = BA586B61200494B600B6FA70 /* PBXContainerItemProxy */;
			sourceTree = BUILT_PRODUCTS_DIR;
		};
		BA586BA32006020700B6FA70 /* libSpeechRecognition.a */ = {
			isa = PBXReferenceProxy;
			fileType = archive.ar;
			path = libSpeechRecognition.a;
			remoteRef = BA586BA22006020700B6FA70 /* PBXContainerItemProxy */;
			sourceTree = BUILT_PRODUCTS_DIR;
		};
		BA7448DD2007835A000E8094 /* libNfcManager.a */ = {
			isa = PBXReferenceProxy;
			fileType = archive.ar;
			path = libNfcManager.a;
			remoteRef = BA7448DC2007835A000E8094 /* PBXContainerItemProxy */;
			sourceTree = BUILT_PRODUCTS_DIR;
		};
		BA74492220089C03000E8094 /* libRNiBeacon.a */ = {
			isa = PBXReferenceProxy;
			fileType = archive.ar;
			path = libRNiBeacon.a;
			remoteRef = BA74492120089C03000E8094 /* PBXContainerItemProxy */;
			sourceTree = BUILT_PRODUCTS_DIR;
		};
		BA7449692008A046000E8094 /* libRNBluetoothState.a */ = {
			isa = PBXReferenceProxy;
			fileType = archive.ar;
			path = libRNBluetoothState.a;
			remoteRef = BA7449682008A046000E8094 /* PBXContainerItemProxy */;
			sourceTree = BUILT_PRODUCTS_DIR;
		};
		BA75958E200DC58900C31CFA /* libRNReactNativeGeoFence.a */ = {
			isa = PBXReferenceProxy;
			fileType = archive.ar;
			path = libRNReactNativeGeoFence.a;
			remoteRef = BA75958D200DC58900C31CFA /* PBXContainerItemProxy */;
			sourceTree = BUILT_PRODUCTS_DIR;
		};
		BAAECFE11FFE748C009D3409 /* libTextToSpeech.a */ = {
			isa = PBXReferenceProxy;
			fileType = archive.ar;
			path = libTextToSpeech.a;
			remoteRef = BAAECFE01FFE748C009D3409 /* PBXContainerItemProxy */;
			sourceTree = BUILT_PRODUCTS_DIR;
		};
		BAB44D5C1FF2C7D00056E157 /* libRCTBlob-tvOS.a */ = {
			isa = PBXReferenceProxy;
			fileType = archive.ar;
			path = "libRCTBlob-tvOS.a";
			remoteRef = BAB44D5B1FF2C7D00056E157 /* PBXContainerItemProxy */;
			sourceTree = BUILT_PRODUCTS_DIR;
		};
		BAB44D6E1FF2C7D00056E157 /* libfishhook.a */ = {
			isa = PBXReferenceProxy;
			fileType = archive.ar;
			path = libfishhook.a;
			remoteRef = BAB44D6D1FF2C7D00056E157 /* PBXContainerItemProxy */;
			sourceTree = BUILT_PRODUCTS_DIR;
		};
		BAB44D701FF2C7D00056E157 /* libfishhook-tvOS.a */ = {
			isa = PBXReferenceProxy;
			fileType = archive.ar;
			path = "libfishhook-tvOS.a";
			remoteRef = BAB44D6F1FF2C7D00056E157 /* PBXContainerItemProxy */;
			sourceTree = BUILT_PRODUCTS_DIR;
		};
		BAB44D751FF2C7D20056E157 /* libRNVectorIcons.a */ = {
			isa = PBXReferenceProxy;
			fileType = archive.ar;
			path = libRNVectorIcons.a;
			remoteRef = BAB44D741FF2C7D20056E157 /* PBXContainerItemProxy */;
			sourceTree = BUILT_PRODUCTS_DIR;
		};
		BAB44D851FF2DF5C0056E157 /* libthird-party.a */ = {
			isa = PBXReferenceProxy;
			fileType = archive.ar;
			path = "libthird-party.a";
			remoteRef = BAB44D841FF2DF5C0056E157 /* PBXContainerItemProxy */;
			sourceTree = BUILT_PRODUCTS_DIR;
		};
		BAB44D871FF2DF5C0056E157 /* libthird-party.a */ = {
			isa = PBXReferenceProxy;
			fileType = archive.ar;
			path = "libthird-party.a";
			remoteRef = BAB44D861FF2DF5C0056E157 /* PBXContainerItemProxy */;
			sourceTree = BUILT_PRODUCTS_DIR;
		};
		BAB44D891FF2DF5C0056E157 /* libdouble-conversion.a */ = {
			isa = PBXReferenceProxy;
			fileType = archive.ar;
			path = "libdouble-conversion.a";
			remoteRef = BAB44D881FF2DF5C0056E157 /* PBXContainerItemProxy */;
			sourceTree = BUILT_PRODUCTS_DIR;
		};
		BAB44D8B1FF2DF5C0056E157 /* libdouble-conversion.a */ = {
			isa = PBXReferenceProxy;
			fileType = archive.ar;
			path = "libdouble-conversion.a";
			remoteRef = BAB44D8A1FF2DF5C0056E157 /* PBXContainerItemProxy */;
			sourceTree = BUILT_PRODUCTS_DIR;
		};
		BAD0669020166FC900281C94 /* libRNLocalNotifications.a */ = {
			isa = PBXReferenceProxy;
			fileType = archive.ar;
			path = libRNLocalNotifications.a;
			remoteRef = BAD0668F20166FC900281C94 /* PBXContainerItemProxy */;
			sourceTree = BUILT_PRODUCTS_DIR;
		};
		EB966DA31FFCD74B00A91961 /* libReactNativePayments.a */ = {
			isa = PBXReferenceProxy;
			fileType = archive.ar;
			path = libReactNativePayments.a;
			remoteRef = EB966DA21FFCD74B00A91961 /* PBXContainerItemProxy */;
			sourceTree = BUILT_PRODUCTS_DIR;
		};
/* End PBXReferenceProxy section */

/* Begin PBXResourcesBuildPhase section */
		13B07F8E1A680F5B00A75B9A /* Resources */ = {
			isa = PBXResourcesBuildPhase;
			buildActionMask = 2147483647;
			files = (
				13B07FBF1A68108700A75B9A /* Images.xcassets in Resources */,
				13B07FBD1A68108700A75B9A /* LaunchScreen.xib in Resources */,
				CCBDF9D3DA544A7DB13BB264 /* Entypo.ttf in Resources */,
				C1D8C4C5FE8845A880661BA8 /* EvilIcons.ttf in Resources */,
				6BEFC62F5CD2473E94AFB7F8 /* Feather.ttf in Resources */,
				47E29928B5914BDB9B6BC7BE /* FontAwesome.ttf in Resources */,
				9865914B7FB24D71877DE045 /* Foundation.ttf in Resources */,
				BA06CD752017BCCA00092FC4 /* ARViewController.xib in Resources */,
				3811847022F14FA9B15D5419 /* Ionicons.ttf in Resources */,
				EB607BFB1FF4D62800426A57 /* Info.plist in Resources */,
				DA23E122636B4FFC971D18BF /* MaterialCommunityIcons.ttf in Resources */,
				1711156D49994448A8DC2113 /* MaterialIcons.ttf in Resources */,
				D251159D464E4CD4AAA4F249 /* Octicons.ttf in Resources */,
				6F0CE2A91C84498B84ECE5A8 /* SimpleLineIcons.ttf in Resources */,
				6468CB22A21C4FECBD807E74 /* Zocial.ttf in Resources */,
				EB607BFA1FF4D41800426A57 /* GoogleService-Info.plist in Resources */,
			);
			runOnlyForDeploymentPostprocessing = 0;
		};
/* End PBXResourcesBuildPhase section */

/* Begin PBXShellScriptBuildPhase section */
		00DD1BFF1BD5951E006B06BC /* Bundle React Native code and images */ = {
			isa = PBXShellScriptBuildPhase;
			buildActionMask = 12;
			files = (
			);
			inputPaths = (
			);
			name = "Bundle React Native code and images";
			outputPaths = (
			);
			runOnlyForDeploymentPostprocessing = 0;
			shellPath = /bin/sh;
			shellScript = "export NODE_BINARY=node\n../node_modules/react-native/scripts/react-native-xcode.sh";
		};
		6A273B0F2A760BC3F1BA7F75 /* [CP] Check Pods Manifest.lock */ = {
			isa = PBXShellScriptBuildPhase;
			buildActionMask = 2147483647;
			files = (
			);
			inputPaths = (
				"${PODS_PODFILE_DIR_PATH}/Podfile.lock",
				"${PODS_ROOT}/Manifest.lock",
			);
			name = "[CP] Check Pods Manifest.lock";
			outputPaths = (
				"$(DERIVED_FILE_DIR)/Pods-Animations-checkManifestLockResult.txt",
			);
			runOnlyForDeploymentPostprocessing = 0;
			shellPath = /bin/sh;
			shellScript = "diff \"${PODS_PODFILE_DIR_PATH}/Podfile.lock\" \"${PODS_ROOT}/Manifest.lock\" > /dev/null\nif [ $? != 0 ] ; then\n    # print error to STDERR\n    echo \"error: The sandbox is not in sync with the Podfile.lock. Run 'pod install' or update your CocoaPods installation.\" >&2\n    exit 1\nfi\n# This output is used by Xcode 'outputs' to avoid re-running this script phase.\necho \"SUCCESS\" > \"${SCRIPT_OUTPUT_FILE_0}\"\n";
			showEnvVarsInLog = 0;
		};
		8B8A96F613057EFBEF96A209 /* [CP] Copy Pods Resources */ = {
			isa = PBXShellScriptBuildPhase;
			buildActionMask = 12;
			files = (
			);
			inputPaths = (
				"${SRCROOT}/Pods/Target Support Files/Pods-Animations/Pods-Animations-resources.sh",
				"${PODS_ROOT}/GoogleMaps/Maps/Frameworks/GoogleMaps.framework/Resources/GoogleMaps.bundle",
			);
			name = "[CP] Copy Pods Resources";
			outputPaths = (
				"${TARGET_BUILD_DIR}/${UNLOCALIZED_RESOURCES_FOLDER_PATH}",
			);
			runOnlyForDeploymentPostprocessing = 0;
			shellPath = /bin/sh;
			shellScript = "\"${SRCROOT}/Pods/Target Support Files/Pods-Animations/Pods-Animations-resources.sh\"\n";
			showEnvVarsInLog = 0;
		};
		B51CB22214A8F97D87F3B5E9 /* [CP] Embed Pods Frameworks */ = {
			isa = PBXShellScriptBuildPhase;
			buildActionMask = 12;
			files = (
			);
			inputPaths = (
			);
			name = "[CP] Embed Pods Frameworks";
			outputPaths = (
			);
			runOnlyForDeploymentPostprocessing = 0;
			shellPath = /bin/sh;
			shellScript = "\"${SRCROOT}/Pods/Target Support Files/Pods-Animations/Pods-Animations-frameworks.sh\"\n";
			showEnvVarsInLog = 0;
		};
/* End PBXShellScriptBuildPhase section */

/* Begin PBXSourcesBuildPhase section */
		13B07F871A680F5B00A75B9A /* Sources */ = {
			isa = PBXSourcesBuildPhase;
			buildActionMask = 2147483647;
			files = (
				BA06CD792017CC9900092FC4 /* ARManager.m in Sources */,
				BA09D8DD2018935E00F042DF /* GeoManager.m in Sources */,
				13B07FBC1A68108700A75B9A /* AppDelegate.m in Sources */,
				BA06CD742017BCCA00092FC4 /* ARViewController.m in Sources */,
				13B07FC11A68108700A75B9A /* main.m in Sources */,
			);
			runOnlyForDeploymentPostprocessing = 0;
		};
/* End PBXSourcesBuildPhase section */

/* Begin PBXVariantGroup section */
		13B07FB11A68108700A75B9A /* LaunchScreen.xib */ = {
			isa = PBXVariantGroup;
			children = (
				13B07FB21A68108700A75B9A /* Base */,
			);
			name = LaunchScreen.xib;
			path = Animations;
			sourceTree = "<group>";
		};
/* End PBXVariantGroup section */

/* Begin XCBuildConfiguration section */
		13B07F941A680F5B00A75B9A /* Debug */ = {
			isa = XCBuildConfiguration;
			baseConfigurationReference = F986E7DE0F3949F7D270E169 /* Pods-Animations.debug.xcconfig */;
			buildSettings = {
				ASSETCATALOG_COMPILER_APPICON_NAME = AppIcon;
				CODE_SIGN_ENTITLEMENTS = Animations/Animations.entitlements;
				"CODE_SIGN_IDENTITY[sdk=iphoneos*]" = "iPhone Developer";
				CODE_SIGN_STYLE = Automatic;
				CURRENT_PROJECT_VERSION = 1;
				DEAD_CODE_STRIPPING = NO;
				DEVELOPMENT_TEAM = U659SE3YQ6;
				ENABLE_BITCODE = NO;
				FRAMEWORK_SEARCH_PATHS = (
					"$(inherited)",
					"$(PROJECT_DIR)",
					"\"~/Documents/FacebookSDK\"",
				);
				HEADER_SEARCH_PATHS = (
					"$(inherited)",
					"$(SRCROOT)/../node_modules/react-native-vector-icons/RNVectorIconsManager",
					"$(SRCROOT)/../node_modules/react-native-payments/lib/ios",
					"$(SRCROOT)/../node_modules/react-native-maps/lib/ios/**",
					"$(SRCROOT)/../node_modules/react-native-tts/ios/TextToSpeech",
					"$(SRCROOT)/../node_modules/react-native-motion-manager/RNMotionManager/**",
					"$(SRCROOT)/../node_modules/react-native-fbsdk/ios/RCTFBSDK/**",
					"$(SRCROOT)/../node_modules/react-native-share/ios",
					"$(SRCROOT)/../node_modules/react-native-speech-recognizer/ios",
					"$(SRCROOT)/../node_modules/react-native-nfc-manager/ios",
					"$(SRCROOT)/../node_modules/react-native-beacons-manager/ios/RNiBeacon/RNiBeacon",
					"$(SRCROOT)/../node_modules/react-native-bluetooth-state/**",
					"$(SRCROOT)/../node_modules/react-native-geo-fence/ios",
					"$(SRCROOT)/../node_modules/react-native-p2pkit/ios",
					"$(SRCROOT)/../node_modules/react-native-voice/ios/Voice",
					"$(SRCROOT)/../node_modules/@remobile/react-native-local-notifications/ios/RCTLocalNotifications",
					"$(SRCROOT)/../node_modules/react-native-iconic/ios/**",
					"$(SRCROOT)/../node_modules/react-native-spruce/ios",
					"$(SRCROOT)/../node_modules/react-native-shine-button/ios",
				);
				INFOPLIST_FILE = Animations/Info.plist;
				IPHONEOS_DEPLOYMENT_TARGET = 9.0;
				LD_RUNPATH_SEARCH_PATHS = "$(inherited) @executable_path/Frameworks";
				LIBRARY_SEARCH_PATHS = "$(inherited)";
				OTHER_LDFLAGS = (
					"$(inherited)",
					"-ObjC",
					"-lc++",
				);
				PRODUCT_BUNDLE_IDENTIFIER = com.wildnet.HealthKit;
				PRODUCT_NAME = Animations;
				PROVISIONING_PROFILE_SPECIFIER = "";
				TARGETED_DEVICE_FAMILY = "1,2";
				VERSIONING_SYSTEM = "apple-generic";
			};
			name = Debug;
		};
		13B07F951A680F5B00A75B9A /* Release */ = {
			isa = XCBuildConfiguration;
			baseConfigurationReference = 0CE9BABEC92592AF022C23FD /* Pods-Animations.release.xcconfig */;
			buildSettings = {
				ASSETCATALOG_COMPILER_APPICON_NAME = AppIcon;
				CODE_SIGN_ENTITLEMENTS = Animations/Animations.entitlements;
				"CODE_SIGN_IDENTITY[sdk=iphoneos*]" = "iPhone Developer";
				CODE_SIGN_STYLE = Automatic;
				CURRENT_PROJECT_VERSION = 1;
				DEVELOPMENT_TEAM = U659SE3YQ6;
				ENABLE_BITCODE = NO;
				FRAMEWORK_SEARCH_PATHS = (
					"$(inherited)",
					"$(PROJECT_DIR)",
					"\"~/Documents/FacebookSDK\"",
				);
				HEADER_SEARCH_PATHS = (
					"$(inherited)",
					"$(SRCROOT)/../node_modules/react-native-vector-icons/RNVectorIconsManager",
					"$(SRCROOT)/../node_modules/react-native-payments/lib/ios",
					"$(SRCROOT)/../node_modules/react-native-maps/lib/ios/**",
					"$(SRCROOT)/../node_modules/react-native-tts/ios/TextToSpeech",
					"$(SRCROOT)/../node_modules/react-native-motion-manager/RNMotionManager/**",
					"$(SRCROOT)/../node_modules/react-native-fbsdk/ios/RCTFBSDK/**",
					"$(SRCROOT)/../node_modules/react-native-share/ios",
					"$(SRCROOT)/../node_modules/react-native-speech-recognizer/ios",
					"$(SRCROOT)/../node_modules/react-native-nfc-manager/ios",
					"$(SRCROOT)/../node_modules/react-native-beacons-manager/ios/RNiBeacon/RNiBeacon",
					"$(SRCROOT)/../node_modules/react-native-bluetooth-state/**",
					"$(SRCROOT)/../node_modules/react-native-geo-fence/ios",
					"$(SRCROOT)/../node_modules/react-native-p2pkit/ios",
					"$(SRCROOT)/../node_modules/react-native-voice/ios/Voice",
					"$(SRCROOT)/../node_modules/@remobile/react-native-local-notifications/ios/RCTLocalNotifications",
					"$(SRCROOT)/../node_modules/react-native-iconic/ios/**",
					"$(SRCROOT)/../node_modules/react-native-spruce/ios",
					"$(SRCROOT)/../node_modules/react-native-shine-button/ios",
				);
				INFOPLIST_FILE = Animations/Info.plist;
				IPHONEOS_DEPLOYMENT_TARGET = 9.0;
				LD_RUNPATH_SEARCH_PATHS = "$(inherited) @executable_path/Frameworks";
				LIBRARY_SEARCH_PATHS = "$(inherited)";
				OTHER_LDFLAGS = (
					"$(inherited)",
					"-ObjC",
					"-lc++",
				);
				PRODUCT_BUNDLE_IDENTIFIER = com.wildnet.HealthKit;
				PRODUCT_NAME = Animations;
				PROVISIONING_PROFILE_SPECIFIER = "";
				TARGETED_DEVICE_FAMILY = "1,2";
				VERSIONING_SYSTEM = "apple-generic";
			};
			name = Release;
		};
		83CBBA201A601CBA00E9B192 /* Debug */ = {
			isa = XCBuildConfiguration;
			buildSettings = {
				ALWAYS_SEARCH_USER_PATHS = NO;
				CLANG_CXX_LANGUAGE_STANDARD = "gnu++0x";
				CLANG_CXX_LIBRARY = "libc++";
				CLANG_ENABLE_MODULES = YES;
				CLANG_ENABLE_OBJC_ARC = YES;
				CLANG_WARN_BOOL_CONVERSION = YES;
				CLANG_WARN_CONSTANT_CONVERSION = YES;
				CLANG_WARN_DIRECT_OBJC_ISA_USAGE = YES_ERROR;
				CLANG_WARN_EMPTY_BODY = YES;
				CLANG_WARN_ENUM_CONVERSION = YES;
				CLANG_WARN_INT_CONVERSION = YES;
				CLANG_WARN_OBJC_ROOT_CLASS = YES_ERROR;
				CLANG_WARN_UNREACHABLE_CODE = YES;
				CLANG_WARN__DUPLICATE_METHOD_MATCH = YES;
				CODE_SIGN_IDENTITY = "iPhone Developer";
				"CODE_SIGN_IDENTITY[sdk=iphoneos*]" = "iPhone Developer";
				COPY_PHASE_STRIP = NO;
				DEVELOPMENT_TEAM = U659SE3YQ6;
				ENABLE_STRICT_OBJC_MSGSEND = YES;
				GCC_C_LANGUAGE_STANDARD = gnu99;
				GCC_DYNAMIC_NO_PIC = NO;
				GCC_OPTIMIZATION_LEVEL = 0;
				GCC_PREPROCESSOR_DEFINITIONS = (
					"DEBUG=1",
					"$(inherited)",
				);
				GCC_SYMBOLS_PRIVATE_EXTERN = NO;
				GCC_WARN_64_TO_32_BIT_CONVERSION = YES;
				GCC_WARN_ABOUT_RETURN_TYPE = YES_ERROR;
				GCC_WARN_UNDECLARED_SELECTOR = YES;
				GCC_WARN_UNINITIALIZED_AUTOS = YES_AGGRESSIVE;
				GCC_WARN_UNUSED_FUNCTION = YES;
				GCC_WARN_UNUSED_VARIABLE = YES;
				IPHONEOS_DEPLOYMENT_TARGET = 11.0;
				MTL_ENABLE_DEBUG_INFO = YES;
				ONLY_ACTIVE_ARCH = YES;
				SDKROOT = iphoneos;
			};
			name = Debug;
		};
		83CBBA211A601CBA00E9B192 /* Release */ = {
			isa = XCBuildConfiguration;
			buildSettings = {
				ALWAYS_SEARCH_USER_PATHS = NO;
				CLANG_CXX_LANGUAGE_STANDARD = "gnu++0x";
				CLANG_CXX_LIBRARY = "libc++";
				CLANG_ENABLE_MODULES = YES;
				CLANG_ENABLE_OBJC_ARC = YES;
				CLANG_WARN_BOOL_CONVERSION = YES;
				CLANG_WARN_CONSTANT_CONVERSION = YES;
				CLANG_WARN_DIRECT_OBJC_ISA_USAGE = YES_ERROR;
				CLANG_WARN_EMPTY_BODY = YES;
				CLANG_WARN_ENUM_CONVERSION = YES;
				CLANG_WARN_INT_CONVERSION = YES;
				CLANG_WARN_OBJC_ROOT_CLASS = YES_ERROR;
				CLANG_WARN_UNREACHABLE_CODE = YES;
				CLANG_WARN__DUPLICATE_METHOD_MATCH = YES;
				CODE_SIGN_IDENTITY = "iPhone Developer";
				"CODE_SIGN_IDENTITY[sdk=iphoneos*]" = "iPhone Developer";
				COPY_PHASE_STRIP = YES;
				DEVELOPMENT_TEAM = U659SE3YQ6;
				ENABLE_NS_ASSERTIONS = NO;
				ENABLE_STRICT_OBJC_MSGSEND = YES;
				GCC_C_LANGUAGE_STANDARD = gnu99;
				GCC_WARN_64_TO_32_BIT_CONVERSION = YES;
				GCC_WARN_ABOUT_RETURN_TYPE = YES_ERROR;
				GCC_WARN_UNDECLARED_SELECTOR = YES;
				GCC_WARN_UNINITIALIZED_AUTOS = YES_AGGRESSIVE;
				GCC_WARN_UNUSED_FUNCTION = YES;
				GCC_WARN_UNUSED_VARIABLE = YES;
				IPHONEOS_DEPLOYMENT_TARGET = 11.0;
				MTL_ENABLE_DEBUG_INFO = NO;
				SDKROOT = iphoneos;
				VALIDATE_PRODUCT = YES;
			};
			name = Release;
		};
/* End XCBuildConfiguration section */

/* Begin XCConfigurationList section */
		13B07F931A680F5B00A75B9A /* Build configuration list for PBXNativeTarget "Animations" */ = {
			isa = XCConfigurationList;
			buildConfigurations = (
				13B07F941A680F5B00A75B9A /* Debug */,
				13B07F951A680F5B00A75B9A /* Release */,
			);
			defaultConfigurationIsVisible = 0;
			defaultConfigurationName = Release;
		};
		83CBB9FA1A601CBA00E9B192 /* Build configuration list for PBXProject "Animations" */ = {
			isa = XCConfigurationList;
			buildConfigurations = (
				83CBBA201A601CBA00E9B192 /* Debug */,
				83CBBA211A601CBA00E9B192 /* Release */,
			);
			defaultConfigurationIsVisible = 0;
			defaultConfigurationName = Release;
		};
/* End XCConfigurationList section */
	};
	rootObject = 83CBB9F71A601CBA00E9B192 /* Project object */;
}
